<Project xmlns="http://schemas.microsoft.com/developer/msbuild/2003">
    <PropertyGroup>
        <ProjectGuid>{CB64F5E8-91AE-4497-A8C4-89668924F870}</ProjectGuid>
        <MainSource>KaM_Expansion.dpr</MainSource>
        <Base>True</Base>
        <Config Condition="'$(Config)'==''">Release</Config>
        <TargetedPlatforms>3</TargetedPlatforms>
        <AppType>Application</AppType>
        <FrameworkType>VCL</FrameworkType>
        <ProjectVersion>20.1</ProjectVersion>
        <Platform Condition="'$(Platform)'==''">Win32</Platform>
        <ProjectName Condition="'$(ProjectName)'==''">KaM_Expansion</ProjectName>
    </PropertyGroup>
    <PropertyGroup Condition="'$(Config)'=='Base' or '$(Base)'!=''">
        <Base>true</Base>
    </PropertyGroup>
    <PropertyGroup Condition="('$(Platform)'=='Win32' and '$(Base)'=='true') or '$(Base_Win32)'!=''">
        <Base_Win32>true</Base_Win32>
        <CfgParent>Base</CfgParent>
        <Base>true</Base>
    </PropertyGroup>
    <PropertyGroup Condition="('$(Platform)'=='Win64' and '$(Base)'=='true') or '$(Base_Win64)'!=''">
        <Base_Win64>true</Base_Win64>
        <CfgParent>Base</CfgParent>
        <Base>true</Base>
    </PropertyGroup>
    <PropertyGroup Condition="'$(Config)'=='Release' or '$(Cfg_1)'!=''">
        <Cfg_1>true</Cfg_1>
        <CfgParent>Base</CfgParent>
        <Base>true</Base>
    </PropertyGroup>
    <PropertyGroup Condition="('$(Platform)'=='Win32' and '$(Cfg_1)'=='true') or '$(Cfg_1_Win32)'!=''">
        <Cfg_1_Win32>true</Cfg_1_Win32>
        <CfgParent>Cfg_1</CfgParent>
        <Cfg_1>true</Cfg_1>
        <Base>true</Base>
    </PropertyGroup>
    <PropertyGroup Condition="('$(Platform)'=='Win64' and '$(Cfg_1)'=='true') or '$(Cfg_1_Win64)'!=''">
        <Cfg_1_Win64>true</Cfg_1_Win64>
        <CfgParent>Cfg_1</CfgParent>
        <Cfg_1>true</Cfg_1>
        <Base>true</Base>
    </PropertyGroup>
    <PropertyGroup Condition="'$(Config)'=='Debug' or '$(Cfg_2)'!=''">
        <Cfg_2>true</Cfg_2>
        <CfgParent>Base</CfgParent>
        <Base>true</Base>
    </PropertyGroup>
    <PropertyGroup Condition="('$(Platform)'=='Win32' and '$(Cfg_2)'=='true') or '$(Cfg_2_Win32)'!=''">
        <Cfg_2_Win32>true</Cfg_2_Win32>
        <CfgParent>Cfg_2</CfgParent>
        <Cfg_2>true</Cfg_2>
        <Base>true</Base>
    </PropertyGroup>
    <PropertyGroup Condition="('$(Platform)'=='Win64' and '$(Cfg_2)'=='true') or '$(Cfg_2_Win64)'!=''">
        <Cfg_2_Win64>true</Cfg_2_Win64>
        <CfgParent>Cfg_2</CfgParent>
        <Cfg_2>true</Cfg_2>
        <Base>true</Base>
    </PropertyGroup>
    <PropertyGroup Condition="'$(Config)'=='DebugAQ' or '$(Cfg_4)'!=''">
        <Cfg_4>true</Cfg_4>
        <CfgParent>Cfg_2</CfgParent>
        <Cfg_2>true</Cfg_2>
        <Base>true</Base>
    </PropertyGroup>
    <PropertyGroup Condition="('$(Platform)'=='Win32' and '$(Cfg_4)'=='true') or '$(Cfg_4_Win32)'!=''">
        <Cfg_4_Win32>true</Cfg_4_Win32>
        <CfgParent>Cfg_4</CfgParent>
        <Cfg_4>true</Cfg_4>
        <Cfg_2>true</Cfg_2>
        <Base>true</Base>
    </PropertyGroup>
    <PropertyGroup Condition="('$(Platform)'=='Win64' and '$(Cfg_4)'=='true') or '$(Cfg_4_Win64)'!=''">
        <Cfg_4_Win64>true</Cfg_4_Win64>
        <CfgParent>Cfg_4</CfgParent>
        <Cfg_4>true</Cfg_4>
        <Cfg_2>true</Cfg_2>
        <Base>true</Base>
    </PropertyGroup>
    <PropertyGroup Condition="'$(Config)'=='DebugAI' or '$(Cfg_3)'!=''">
        <Cfg_3>true</Cfg_3>
        <CfgParent>Base</CfgParent>
        <Base>true</Base>
    </PropertyGroup>
    <PropertyGroup Condition="('$(Platform)'=='Win32' and '$(Cfg_3)'=='true') or '$(Cfg_3_Win32)'!=''">
        <Cfg_3_Win32>true</Cfg_3_Win32>
        <CfgParent>Cfg_3</CfgParent>
        <Cfg_3>true</Cfg_3>
        <Base>true</Base>
    </PropertyGroup>
    <PropertyGroup Condition="('$(Platform)'=='Win64' and '$(Cfg_3)'=='true') or '$(Cfg_3_Win64)'!=''">
        <Cfg_3_Win64>true</Cfg_3_Win64>
        <CfgParent>Cfg_3</CfgParent>
        <Cfg_3>true</Cfg_3>
        <Base>true</Base>
    </PropertyGroup>
    <PropertyGroup Condition="'$(Base)'!=''">
        <DCC_DcuOutput>dcu</DCC_DcuOutput>
        <DCC_COMPARING_SIGNED_UNSIGNED>false</DCC_COMPARING_SIGNED_UNSIGNED>
        <DCC_COMBINING_SIGNED_UNSIGNED>false</DCC_COMBINING_SIGNED_UNSIGNED>
        <DCC_MaxStackSize>8388608</DCC_MaxStackSize>
        <Manifest_File>None</Manifest_File>
        <Icon_MainIcon>KaM_Remake_Icon.ico</Icon_MainIcon>
        <DCC_ImageBase>00400000</DCC_ImageBase>
        <DCC_UsePackage>vcl;rtl;dbrtl;adortl;vcldb;vclx;bdertl;vcldbx;ibxpress;dsnap;cds;bdecds;qrpt;teeui;teedb;tee;dss;teeqr;visualclx;visualdbclx;dsnapcrba;dsnapcon;VclSmp;vclshlctrls;vclie;xmlrtl;inet;inetdbbde;inetdbxpress;inetdb;nmfast;webdsnap;websnap;dbexpress;dbxcds;indy;dclOffice2k;Krom;$(DCC_UsePackage)</DCC_UsePackage>
        <VerInfo_Keys>FileVersion=1.0.0.0</VerInfo_Keys>
        <DCC_IntegerOverflowCheck>true</DCC_IntegerOverflowCheck>
        <DCC_Namespace>Vcl;Vcl.Imaging;Vcl.Touch;Vcl.Samples;Vcl.Shell;System;Xml;Data;Datasnap;Web;Soap;Winapi;$(DCC_Namespace)</DCC_Namespace>
        <DCC_RangeChecking>true</DCC_RangeChecking>
        <DCC_UnitSearchPath>.\src\ext;.\src\ext\BGRABitmap;.\src\ext\Overbyte ICS 8\Source;.\src\ext\pascalscript\source;.\src\ext\OggVorbis;.\src\ext\Virtual-TreeView\Source;$(DCC_UnitSearchPath)</DCC_UnitSearchPath>
        <DCC_GenerateStackFrames>true</DCC_GenerateStackFrames>
        <DCC_K>false</DCC_K>
        <DCC_N>true</DCC_N>
        <DCC_S>false</DCC_S>
        <DCC_F>false</DCC_F>
        <DCC_SymbolReferenceInfo>1</DCC_SymbolReferenceInfo>
        <VerInfo_Locale>1049</VerInfo_Locale>
        <DCC_E>false</DCC_E>
        <SanitizedProjectName>KaM_Expansion</SanitizedProjectName>
        <UWP_DelphiLogo44>$(BDS)\bin\Artwork\Windows\UWP\delphi_UwpDefault_44.png</UWP_DelphiLogo44>
        <UWP_DelphiLogo150>$(BDS)\bin\Artwork\Windows\UWP\delphi_UwpDefault_150.png</UWP_DelphiLogo150>
        <DCC_Define>KMR_GAME;$(DCC_Define)</DCC_Define>
        <DCC_Optimize>false</DCC_Optimize>
        <DCC_DebugDCUs>true</DCC_DebugDCUs>
    </PropertyGroup>
    <PropertyGroup Condition="'$(Base_Win32)'!=''">
        <VerInfo_IncludeVerInfo>true</VerInfo_IncludeVerInfo>
        <DCC_Namespace>System.Win;Data.Win;Datasnap.Win;Web.Win;Soap.Win;Xml.Win;Bde;$(DCC_Namespace)</DCC_Namespace>
        <VerInfo_Keys>CompanyName=;FileVersion=1.0.0.0;InternalName=;LegalCopyright=;LegalTrademarks=;OriginalFilename=;ProductVersion=1.0.0.0;Comments=;ProgramID=com.embarcadero.$(MSBuildProjectName);FileDescription=$(MSBuildProjectName);ProductName=$(MSBuildProjectName)</VerInfo_Keys>
        <VerInfo_Locale>1033</VerInfo_Locale>
        <Manifest_File>$(BDS)\bin\default_app.manifest</Manifest_File>
        <AppEnableRuntimeThemes>true</AppEnableRuntimeThemes>
        <UWP_DelphiLogo44>$(BDS)\bin\Artwork\Windows\UWP\delphi_UwpDefault_44.png</UWP_DelphiLogo44>
        <UWP_DelphiLogo150>$(BDS)\bin\Artwork\Windows\UWP\delphi_UwpDefault_150.png</UWP_DelphiLogo150>
    </PropertyGroup>
    <PropertyGroup Condition="'$(Base_Win64)'!=''">
        <VerInfo_IncludeVerInfo>true</VerInfo_IncludeVerInfo>
        <DCC_Namespace>System.Win;Data.Win;Datasnap.Win;Web.Win;Soap.Win;Xml.Win;Bde;$(DCC_Namespace)</DCC_Namespace>
        <VerInfo_Keys>CompanyName=;FileVersion=1.0.0.0;InternalName=;LegalCopyright=;LegalTrademarks=;OriginalFilename=;ProductVersion=1.0.0.0;Comments=;ProgramID=com.embarcadero.$(MSBuildProjectName);FileDescription=$(MSBuildProjectName);ProductName=$(MSBuildProjectName)</VerInfo_Keys>
        <VerInfo_Locale>1033</VerInfo_Locale>
        <Manifest_File>$(BDS)\bin\default_app.manifest</Manifest_File>
        <AppEnableRuntimeThemes>true</AppEnableRuntimeThemes>
        <UWP_DelphiLogo44>$(BDS)\bin\Artwork\Windows\UWP\delphi_UwpDefault_44.png</UWP_DelphiLogo44>
        <UWP_DelphiLogo150>$(BDS)\bin\Artwork\Windows\UWP\delphi_UwpDefault_150.png</UWP_DelphiLogo150>
        <DCC_Define>NO_OGG_SOUND;WDC64;$(DCC_Define)</DCC_Define>
    </PropertyGroup>
    <PropertyGroup Condition="'$(Cfg_1)'!=''">
        <DCC_Define>RELEASE;$(DCC_Define)</DCC_Define>
        <DCC_LocalDebugSymbols>false</DCC_LocalDebugSymbols>
        <DCC_DebugDCUs>false</DCC_DebugDCUs>
    </PropertyGroup>
    <PropertyGroup Condition="'$(Cfg_1_Win32)'!=''">
        <DCC_Define>madExcept;$(DCC_Define)</DCC_Define>
        <DCC_MapFile>3</DCC_MapFile>
        <ILINK_FullDebugInfo>true</ILINK_FullDebugInfo>
        <BCC_DebugLineNumbers>true</BCC_DebugLineNumbers>
        <BCC_SourceDebuggingOn>true</BCC_SourceDebuggingOn>
        <VerInfo_Keys>CompanyName=;FileVersion=1.0.0.0;InternalName=;LegalCopyright=;LegalTrademarks=;OriginalFilename=;ProductVersion=1.0.0.0;Comments=;ProgramID=com.embarcadero.$(MSBuildProjectName);FileDescription=$(MSBuildProjectName);ProductName=$(MSBuildProjectName)</VerInfo_Keys>
        <VerInfo_IncludeVerInfo>true</VerInfo_IncludeVerInfo>
        <VerInfo_Locale>1033</VerInfo_Locale>
        <Manifest_File>$(BDS)\bin\default_app.manifest</Manifest_File>
        <AppEnableRuntimeThemes>true</AppEnableRuntimeThemes>
        <BT_BuildType>Debug</BT_BuildType>
        <DCC_LocalDebugSymbols>true</DCC_LocalDebugSymbols>
    </PropertyGroup>
    <PropertyGroup Condition="'$(Cfg_1_Win64)'!=''">
        <BT_BuildType>Debug</BT_BuildType>
        <DCC_Define>madExcept;$(DCC_Define)</DCC_Define>
        <DCC_MapFile>3</DCC_MapFile>
        <DCC_DebugInformation>2</DCC_DebugInformation>
        <DCC_LocalDebugSymbols>true</DCC_LocalDebugSymbols>
        <VerInfo_IncludeVerInfo>true</VerInfo_IncludeVerInfo>
        <VerInfo_Locale>1033</VerInfo_Locale>
        <VerInfo_Keys>CompanyName=;FileVersion=1.0.0.0;InternalName=;LegalCopyright=;LegalTrademarks=;OriginalFilename=;ProductVersion=1.0.0.0;Comments=;ProgramID=com.embarcadero.$(MSBuildProjectName);FileDescription=$(MSBuildProjectName);ProductName=$(MSBuildProjectName)</VerInfo_Keys>
        <Manifest_File>$(BDS)\bin\default_app.manifest</Manifest_File>
        <AppEnableRuntimeThemes>true</AppEnableRuntimeThemes>
    </PropertyGroup>
    <PropertyGroup Condition="'$(Cfg_2)'!=''">
        <DCC_Define>DEBUG;$(DCC_Define)</DCC_Define>
        <DCC_Optimize>false</DCC_Optimize>
        <DCC_DebugDCUs>true</DCC_DebugDCUs>
        <DCC_LocalDebugSymbols>true</DCC_LocalDebugSymbols>
    </PropertyGroup>
    <PropertyGroup Condition="'$(Cfg_2_Win32)'!=''">
        <DCC_MapFile>3</DCC_MapFile>
        <Manifest_File>$(BDS)\bin\default_app.manifest</Manifest_File>
        <BCC_SourceDebuggingOn>true</BCC_SourceDebuggingOn>
        <BCC_DebugLineNumbers>true</BCC_DebugLineNumbers>
        <ILINK_FullDebugInfo>true</ILINK_FullDebugInfo>
        <VerInfo_IncludeVerInfo>true</VerInfo_IncludeVerInfo>
        <VerInfo_Locale>1033</VerInfo_Locale>
        <VerInfo_Keys>CompanyName=;FileVersion=1.0.0.0;InternalName=;LegalCopyright=;LegalTrademarks=;OriginalFilename=;ProductVersion=1.0.0.0;Comments=;ProgramID=com.embarcadero.$(MSBuildProjectName);FileDescription=$(MSBuildProjectName);ProductName=$(MSBuildProjectName)</VerInfo_Keys>
        <AppEnableRuntimeThemes>true</AppEnableRuntimeThemes>
        <DCC_Define>madExcept;$(DCC_Define)</DCC_Define>
        <BT_BuildType>Debug</BT_BuildType>
        <DCC_DebugDCUs>true</DCC_DebugDCUs>
    </PropertyGroup>
    <PropertyGroup Condition="'$(Cfg_2_Win64)'!=''">
        <DCC_Define>madExcept;$(DCC_Define)</DCC_Define>
        <DCC_MapFile>3</DCC_MapFile>
        <VerInfo_IncludeVerInfo>true</VerInfo_IncludeVerInfo>
        <VerInfo_Locale>1033</VerInfo_Locale>
        <VerInfo_Keys>CompanyName=;FileVersion=1.0.0.0;InternalName=;LegalCopyright=;LegalTrademarks=;OriginalFilename=;ProductVersion=1.0.0.0;Comments=;ProgramID=com.embarcadero.$(MSBuildProjectName);FileDescription=$(MSBuildProjectName);ProductName=$(MSBuildProjectName)</VerInfo_Keys>
        <Manifest_File>$(BDS)\bin\default_app.manifest</Manifest_File>
        <AppEnableRuntimeThemes>true</AppEnableRuntimeThemes>
        <BT_BuildType>Debug</BT_BuildType>
    </PropertyGroup>
    <PropertyGroup Condition="'$(Cfg_4_Win32)'!=''">
        <DCC_DebugInfoInExe>true</DCC_DebugInfoInExe>
        <VerInfo_IncludeVerInfo>true</VerInfo_IncludeVerInfo>
        <VerInfo_Locale>1033</VerInfo_Locale>
        <VerInfo_Keys>CompanyName=;FileVersion=1.0.0.0;InternalName=;LegalCopyright=;LegalTrademarks=;OriginalFilename=;ProductVersion=1.0.0.0;Comments=;ProgramID=com.embarcadero.$(MSBuildProjectName);FileDescription=$(MSBuildProjectName);ProductName=$(MSBuildProjectName)</VerInfo_Keys>
        <Manifest_File>$(BDS)\bin\default_app.manifest</Manifest_File>
        <AppEnableRuntimeThemes>true</AppEnableRuntimeThemes>
    </PropertyGroup>
    <PropertyGroup Condition="'$(Cfg_4_Win64)'!=''">
        <BT_BuildType>Debug</BT_BuildType>
        <Manifest_File>$(BDS)\bin\default_app.manifest</Manifest_File>
    </PropertyGroup>
    <PropertyGroup Condition="'$(Cfg_3)'!=''">
        <DCC_DebugDCUs>true</DCC_DebugDCUs>
    </PropertyGroup>
    <PropertyGroup Condition="'$(Cfg_3_Win32)'!=''">
        <VerInfo_IncludeVerInfo>true</VerInfo_IncludeVerInfo>
        <VerInfo_Locale>1033</VerInfo_Locale>
        <VerInfo_Keys>CompanyName=;FileVersion=1.0.0.0;InternalName=;LegalCopyright=;LegalTrademarks=;OriginalFilename=;ProductVersion=1.0.0.0;Comments=;ProgramID=com.embarcadero.$(MSBuildProjectName);FileDescription=$(MSBuildProjectName);ProductName=$(MSBuildProjectName)</VerInfo_Keys>
        <Manifest_File>$(BDS)\bin\default_app.manifest</Manifest_File>
        <AppEnableRuntimeThemes>true</AppEnableRuntimeThemes>
        <DCC_Define>madExcept;DEBUG;DEBUG_NewAI;DEBUG_AIInfluences;DEBUG_Supervisor;DEBUG_ArmyVectorField;DEBUG_NavMeshPathFinding;$(DCC_Define)</DCC_Define>
        <BT_BuildType>Debug</BT_BuildType>
        <DCC_MapFile>3</DCC_MapFile>
        <DCC_DebugDCUs>true</DCC_DebugDCUs>
    </PropertyGroup>
    <PropertyGroup Condition="'$(Cfg_3_Win64)'!=''">
        <BT_BuildType>Debug</BT_BuildType>
        <Manifest_File>$(BDS)\bin\default_app.manifest</Manifest_File>
    </PropertyGroup>
    <ItemGroup>
        <DelphiCompile Include="$(MainSource)">
            <MainSource>MainSource</MainSource>
        </DelphiCompile>
        <DCCReference Include="src\forms\KM_FormMain.pas">
            <Form>FormMain</Form>
        </DCCReference>
        <DCCReference Include="src\forms\KM_FormLogistics.pas">
            <Form>FormLogistics</Form>
        </DCCReference>
        <DCCReference Include="src\forms\KM_FormLoading.pas">
            <Form>FormLoading</Form>
        </DCCReference>
        <DCCReference Include="src\forms\KM_VclMenuHint.pas"/>
        <DCCReference Include="src\forms\KM_VclHelpers.pas"/>
        <DCCReference Include="src\ext\iaWin.NameDelphiThreads.pas"/>
        <DCCReference Include="src\ext\pascalscript\uPSCompiler.pas"/>
        <DCCReference Include="src\ext\pascalscript\uPSDebugger.pas"/>
        <DCCReference Include="src\ext\pascalscript\uPSDisassembly.pas"/>
        <DCCReference Include="src\ext\pascalscript\uPSPreProcessor.pas"/>
        <DCCReference Include="src\ext\pascalscript\uPSRuntime.pas"/>
        <DCCReference Include="src\ext\pascalscript\uPSUtils.pas"/>
        <DCCReference Include="src\ai\KM_AI.pas"/>
        <DCCReference Include="src\ai\KM_AIArmyEvaluation.pas"/>
        <DCCReference Include="src\ai\KM_AIAttacks.pas"/>
        <DCCReference Include="src\ai\KM_AICityPlanner.pas"/>
        <DCCReference Include="src\ai\KM_AIDefensePos.pas"/>
        <DCCReference Include="src\ai\KM_AIFields.pas"/>
        <DCCReference Include="src\ai\KM_AIGeneral.pas"/>
        <DCCReference Include="src\ai\KM_AIGoals.pas"/>
        <DCCReference Include="src\ai\KM_AIInfluences.pas"/>
        <DCCReference Include="src\ai\KM_AIMayor.pas"/>
        <DCCReference Include="src\ai\KM_AIMayorBalance.pas"/>
        <DCCReference Include="src\ai\KM_AISetup.pas"/>
        <DCCReference Include="src\ai\KM_AITypes.pas"/>
        <DCCReference Include="src\ai\newAI\KM_ArmyAttackNew.pas"/>
        <DCCReference Include="src\ai\newAI\KM_ArmyDefence.pas"/>
        <DCCReference Include="src\ai\newAI\KM_ArmyManagement.pas"/>
        <DCCReference Include="src\ai\newAI\KM_Eye.pas"/>
        <DCCReference Include="src\ai\newAI\KM_CityBuilder.pas"/>
        <DCCReference Include="src\ai\newAI\KM_CityManagement.pas"/>
        <DCCReference Include="src\ai\newAI\KM_CityPlanner.pas"/>
        <DCCReference Include="src\ai\newAI\KM_CityPredictor.pas"/>
        <DCCReference Include="src\ai\newAI\KM_Supervisor.pas"/>
        <DCCReference Include="src\ai\newAI\KM_AIParameters.pas"/>
        <DCCReference Include="src\common\KM_CommonClasses.pas"/>
        <DCCReference Include="src\common\KM_CommonClassesExt.pas"/>
        <DCCReference Include="src\common\KM_CommonExceptions.pas"/>
        <DCCReference Include="src\common\KM_CommonGameTypes.pas"/>
        <DCCReference Include="src\common\KM_CommonTypes.pas"/>
        <DCCReference Include="src\common\KM_Defaults.pas"/>
        <DCCReference Include="src\common\KM_Entity.pas"/>
        <DCCReference Include="src\common\KM_Points.pas"/>
        <DCCReference Include="src\common\KM_WorkerThread.pas"/>
        <DCCReference Include="src\KM_Console.pas"/>
        <DCCReference Include="src\controls\KM_Controls.pas"/>
        <DCCReference Include="src\controls\KM_ControlsBase.pas"/>
        <DCCReference Include="src\controls\KM_ControlsChart.pas"/>
        <DCCReference Include="src\controls\KM_ControlsColor.pas"/>
        <DCCReference Include="src\controls\KM_ControlsDragger.pas"/>
        <DCCReference Include="src\controls\KM_ControlsDrop.pas"/>
        <DCCReference Include="src\controls\KM_ControlsEdit.pas"/>
        <DCCReference Include="src\controls\KM_ControlsList.pas"/>
        <DCCReference Include="src\controls\KM_ControlsMemo.pas"/>
        <DCCReference Include="src\controls\KM_ControlsMinimapView.pas"/>
        <DCCReference Include="src\controls\KM_ControlsPopUp.pas"/>
        <DCCReference Include="src\controls\KM_ControlsProgressBar.pas"/>
        <DCCReference Include="src\controls\KM_ControlsScroll.pas"/>
        <DCCReference Include="src\controls\KM_ControlsSwitch.pas"/>
        <DCCReference Include="src\controls\KM_ControlsTrackBar.pas"/>
        <DCCReference Include="src\controls\KM_ControlsTypes.pas"/>
        <DCCReference Include="src\controls\KM_ControlsUtils.pas"/>
        <DCCReference Include="src\controls\KM_ControlsWaresRow.pas"/>
        <DCCReference Include="src\KM_Crashreport.pas"/>
        <DCCReference Include="src\perflog\KM_DevPerfLog.pas"/>
        <DCCReference Include="src\perflog\KM_DevPerfLogForm.pas"/>
        <DCCReference Include="src\perflog\KM_DevPerfLogSingle.pas"/>
        <DCCReference Include="src\perflog\KM_DevPerfLogStack.pas"/>
        <DCCReference Include="src\perflog\KM_DevPerfLogTypes.pas"/>
        <DCCReference Include="src\KM_Exceptions.pas"/>
        <DCCReference Include="src\game\KM_Game.pas"/>
        <DCCReference Include="src\game\KM_GameClasses.pas"/>
        <DCCReference Include="src\game\KM_GameTypes.pas"/>
        <DCCReference Include="src\game\KM_GameInfo.pas"/>
        <DCCReference Include="src\game\KM_GameOptions.pas"/>
        <DCCReference Include="src\game\KM_GameParams.pas"/>
        <DCCReference Include="src\game\KM_GameSavePoints.pas"/>
        <DCCReference Include="src\game\KM_FogOfWar.pas"/>
        <DCCReference Include="src\game\gip\KM_GameInputProcess.pas"/>
        <DCCReference Include="src\game\gip\KM_GameInputProcess_Multi.pas"/>
        <DCCReference Include="src\game\gip\KM_GameInputProcess_Single.pas"/>
        <DCCReference Include="src\game\misc\KM_GameUIDTracker.pas"/>
        <DCCReference Include="src\game\misc\KM_RandomChecks.pas"/>
        <DCCReference Include="src\game\notifications\KM_Alerts.pas"/>
        <DCCReference Include="src\game\notifications\KM_MessageLog.pas"/>
        <DCCReference Include="src\game\notifications\KM_MessageStack.pas"/>
        <DCCReference Include="src\gui\KM_Cursor.pas"/>
        <DCCReference Include="src\gui\KM_InterfaceDefaults.pas"/>
        <DCCReference Include="src\gui\KM_InterfaceGame.pas"/>
        <DCCReference Include="src\gui\KM_InterfaceGamePlay.pas"/>
        <DCCReference Include="src\gui\KM_InterfaceMainMenu.pas"/>
        <DCCReference Include="src\gui\KM_InterfaceMapEditor.pas"/>
        <DCCReference Include="src\gui\KM_InterfaceTypes.pas"/>
        <DCCReference Include="src\gui\KM_Viewport.pas"/>
        <DCCReference Include="src\gui\pages_common\KM_GUICommonKeys.pas"/>
        <DCCReference Include="src\gui\pages_common\KM_GUICommonGameOptions.pas"/>
        <DCCReference Include="src\gui\pages_common\KM_GUICommonOptions.pas"/>
        <DCCReference Include="src\gui\pages_game\KM_GUIGameBuild.pas"/>
        <DCCReference Include="src\gui\pages_game\KM_GUIGameChat.pas"/>
        <DCCReference Include="src\gui\pages_game\KM_GUIGameCustomPanel.pas"/>
        <DCCReference Include="src\gui\pages_game\KM_GUIGameHouse.pas"/>
        <DCCReference Include="src\gui\pages_game\KM_GUIGameUnit.pas"/>
        <DCCReference Include="src\gui\pages_game\KM_GUIGameRatios.pas"/>
        <DCCReference Include="src\gui\pages_game\KM_GUIGameStats.pas"/>
        <DCCReference Include="src\gui\pages_game\KM_GUIGameResultsMP.pas"/>
        <DCCReference Include="src\gui\pages_game\KM_GUIGameResultsSP.pas"/>
        <DCCReference Include="src\gui\pages_game\KM_GUIGameSpectator.pas"/>
        <DCCReference Include="src\gui\pages_game\KM_GUIGameSpectatorItemLines.pas"/>
        <DCCReference Include="src\gui\pages_maped\KM_GUIMapEdExtras.pas"/>
        <DCCReference Include="src\gui\pages_maped\KM_GUIMapEdHouse.pas"/>
        <DCCReference Include="src\gui\pages_maped\KM_GUIMapEdMarkerDefence.pas"/>
        <DCCReference Include="src\gui\pages_maped\KM_GUIMapEdMarkerReveal.pas"/>
        <DCCReference Include="src\gui\pages_maped\menu\KM_GUIMapEdMenu.pas"/>
        <DCCReference Include="src\gui\pages_maped\menu\KM_GUIMapEdMenuLoad.pas"/>
        <DCCReference Include="src\gui\pages_maped\menu\KM_GUIMapEdMenuSave.pas"/>
        <DCCReference Include="src\gui\pages_maped\menu\KM_GUIMapEdMenuResize.pas"/>
        <DCCReference Include="src\gui\pages_maped\menu\KM_GUIMapEdMenuQuickPlay.pas"/>
        <DCCReference Include="src\gui\pages_maped\menu\KM_GUIMapEdMenuQuit.pas"/>
        <DCCReference Include="src\gui\pages_maped\KM_GUIMapEdMessage.pas"/>
        <DCCReference Include="src\gui\pages_maped\player\KM_GUIMapEdPlayer.pas"/>
        <DCCReference Include="src\gui\pages_maped\player\KM_GUIMapEdPlayerBlockHouse.pas"/>
        <DCCReference Include="src\gui\pages_maped\player\KM_GUIMapEdPlayerBlockTrade.pas"/>
        <DCCReference Include="src\gui\pages_maped\player\KM_GUIMapEdPlayerBlockUnit.pas"/>
        <DCCReference Include="src\gui\pages_maped\player\KM_GUIMapEdPlayerColors.pas"/>
        <DCCReference Include="src\gui\pages_maped\player\KM_GUIMapEdPlayerGoals.pas"/>
        <DCCReference Include="src\gui\pages_maped\player\KM_GUIMapEdPlayerGoalPopUp.pas"/>
        <DCCReference Include="src\gui\pages_maped\player\KM_GUIMapEdPlayerView.pas"/>
        <DCCReference Include="src\gui\pages_maped\mission\KM_GUIMapEdMission.pas"/>
        <DCCReference Include="src\gui\pages_maped\mission\KM_GUIMapEdMissionAlliances.pas"/>
        <DCCReference Include="src\gui\pages_maped\mission\KM_GUIMapEdMissionMode.pas"/>
        <DCCReference Include="src\gui\pages_maped\mission\KM_GUIMapEdMissionPlayers.pas"/>
        <DCCReference Include="src\gui\pages_maped\terrain\KM_GUIMapEdRMG.pas"/>
        <DCCReference Include="src\gui\pages_maped\terrain\KM_GUIMapEdTerrain.pas"/>
        <DCCReference Include="src\gui\pages_maped\terrain\KM_GUIMapEdTerrainBrushes.pas"/>
        <DCCReference Include="src\gui\pages_maped\terrain\KM_GUIMapEdTerrainHeights.pas"/>
        <DCCReference Include="src\gui\pages_maped\terrain\KM_GUIMapEdTerrainTiles.pas"/>
        <DCCReference Include="src\gui\pages_maped\terrain\KM_GUIMapEdTerrainObjects.pas"/>
        <DCCReference Include="src\gui\pages_maped\terrain\KM_GUIMapEdTerrainOverlays.pas"/>
        <DCCReference Include="src\gui\pages_maped\terrain\KM_GUIMapEdTerrainSelection.pas"/>
        <DCCReference Include="src\gui\pages_maped\town\KM_GUIMapEdTown.pas"/>
        <DCCReference Include="src\gui\pages_maped\town\KM_GUIMapEdTownUnits.pas"/>
        <DCCReference Include="src\gui\pages_maped\town\KM_GUIMapEdTownHouses.pas"/>
        <DCCReference Include="src\gui\pages_maped\town\KM_GUIMapEdTownScript.pas"/>
        <DCCReference Include="src\gui\pages_maped\town\KM_GUIMapEdTownDefence.pas"/>
        <DCCReference Include="src\gui\pages_maped\town\KM_GUIMapEdTownOffence.pas"/>
        <DCCReference Include="src\gui\pages_maped\town\KM_GUIMapEdTownAttackPopUp.pas"/>
        <DCCReference Include="src\gui\pages_maped\town\KM_GUIMapEdTownFormationsPopUp.pas"/>
        <DCCReference Include="src\gui\pages_maped\KM_GUIMapEdUnit.pas"/>
        <DCCReference Include="src\gui\pages_menu\KM_GUIMenuCampaign.pas"/>
        <DCCReference Include="src\gui\pages_menu\KM_GUIMenuCampaigns.pas"/>
        <DCCReference Include="src\gui\pages_menu\KM_GUIMenuCredits.pas"/>
        <DCCReference Include="src\gui\pages_menu\KM_GUIMenuError.pas"/>
        <DCCReference Include="src\gui\pages_menu\KM_GUIMenuLoad.pas"/>
        <DCCReference Include="src\gui\pages_menu\KM_GUIMenuLoading.pas"/>
        <DCCReference Include="src\gui\pages_menu\KM_GUIMenuLobby.pas"/>
        <DCCReference Include="src\gui\pages_menu\KM_GUIMenuMain.pas"/>
        <DCCReference Include="src\gui\pages_menu\KM_GUIMenuMultiplayer.pas"/>
        <DCCReference Include="src\gui\pages_menu\KM_GUIMenuOptions.pas"/>
        <DCCReference Include="src\gui\pages_menu\KM_GUIMenuReplays.pas"/>
        <DCCReference Include="src\gui\pages_menu\KM_GUIMenuSingleMap.pas"/>
        <DCCReference Include="src\gui\pages_menu\KM_GUIMenuSinglePlayer.pas"/>
        <DCCReference Include="src\hands\KM_Hand.pas"/>
        <DCCReference Include="src\hands\KM_HandsCollection.pas"/>
        <DCCReference Include="src\hands\KM_HandConstructions.pas"/>
        <DCCReference Include="src\hands\KM_HandEntity.pas"/>
        <DCCReference Include="src\hands\KM_HandEntityHelper.pas"/>
        <DCCReference Include="src\hands\KM_HandLocks.pas"/>
        <DCCReference Include="src\hands\KM_HandLogistics.pas"/>
        <DCCReference Include="src\hands\KM_HandSpectator.pas"/>
        <DCCReference Include="src\hands\KM_HandStats.pas"/>
        <DCCReference Include="src\hands\KM_HandTypes.pas"/>
        <DCCReference Include="src\hands\KM_WareDistribution.pas"/>
        <DCCReference Include="src\houses\KM_HouseArmorWorkshop.pas"/>
        <DCCReference Include="src\houses\KM_HouseBarracks.pas"/>
        <DCCReference Include="src\houses\KM_HouseInn.pas"/>
        <DCCReference Include="src\houses\KM_HouseCollection.pas"/>
        <DCCReference Include="src\houses\KM_HouseMarket.pas"/>
        <DCCReference Include="src\houses\KM_Houses.pas"/>
        <DCCReference Include="src\houses\KM_HouseSchool.pas"/>
        <DCCReference Include="src\houses\KM_HouseSiegeWorkshop.pas"/>
        <DCCReference Include="src\houses\KM_HouseQueue.pas"/>
        <DCCReference Include="src\houses\KM_HouseStore.pas"/>
        <DCCReference Include="src\houses\KM_HouseSwineStable.pas"/>
        <DCCReference Include="src\houses\KM_HouseTownHall.pas"/>
        <DCCReference Include="src\houses\KM_HouseWoodcutters.pas"/>
        <DCCReference Include="src\houses\KM_HouseWoodBurner.pas"/>
        <DCCReference Include="src\KM_GameApp.pas"/>
        <DCCReference Include="src\KM_Log.pas"/>
        <DCCReference Include="src\KM_Main.pas"/>
        <DCCReference Include="src\KM_System.pas"/>
        <DCCReference Include="src\mission\KM_Campaigns.pas"/>
        <DCCReference Include="src\mission\KM_CampaignTypes.pas"/>
        <DCCReference Include="src\mission\KM_Maps.pas"/>
        <DCCReference Include="src\mission\KM_MapTypes.pas"/>
        <DCCReference Include="src\mission\KM_MapUtils.pas"/>
        <DCCReference Include="src\mission\KM_MapUtilsExt.pas"/>
        <DCCReference Include="src\mission\KM_MissionScript.pas"/>
        <DCCReference Include="src\mission\KM_MissionScript_Info.pas"/>
        <DCCReference Include="src\mission\KM_MissionScript_Preview.pas"/>
        <DCCReference Include="src\mission\KM_MissionScript_Standard.pas"/>
        <DCCReference Include="src\maped\KM_MapEditor.pas"/>
        <DCCReference Include="src\maped\KM_MapEditorHistory.pas"/>
        <DCCReference Include="src\maped\KM_MapEdTypes.pas"/>
        <DCCReference Include="src\media\KM_Audio.pas"/>
        <DCCReference Include="src\media\KM_MediaTypes.pas"/>
        <DCCReference Include="src\media\KM_Music.pas"/>
        <DCCReference Include="src\media\KM_ScriptSound.pas"/>
        <DCCReference Include="src\media\KM_Sound.pas"/>
        <DCCReference Include="src\media\KM_Video.pas"/>
        <DCCReference Include="src\media\KM_VLC.pas"/>
        <DCCReference Include="src\minimap\KM_Minimap.pas"/>
        <DCCReference Include="src\minimap\KM_MinimapGame.pas"/>
        <DCCReference Include="src\minimap\KM_MinimapMission.pas"/>
        <DCCReference Include="src\navmesh\KM_Outline.pas"/>
        <DCCReference Include="src\navmesh\KM_NavMesh.pas"/>
        <DCCReference Include="src\navmesh\KM_NavMeshGenerator.pas"/>
        <DCCReference Include="src\navmesh\KM_PolySimplify.pas"/>
        <DCCReference Include="src\navmesh\KM_NavMeshPathFinding.pas"/>
        <DCCReference Include="src\navmesh\KM_NavMeshFloodFill.pas"/>
        <DCCReference Include="src\navmesh\KM_NavMeshFloodPositioning.pas"/>
        <DCCReference Include="src\navmesh\KM_NavMeshInfluences.pas"/>
        <DCCReference Include="src\navmesh\KM_NavMeshDefences.pas"/>
        <DCCReference Include="src\navmesh\KM_NavMeshArmyVectorField.pas"/>
        <DCCReference Include="src\net\KM_NetAuthSecure.pas"/>
        <DCCReference Include="src\net\KM_NetAuthUnsecure.pas"/>
        <DCCReference Include="src\net\KM_NetClient.pas"/>
        <DCCReference Include="src\net\KM_NetClientOverbyte.pas"/>
        <DCCReference Include="src\net\KM_NetClientLNet.pas"/>
        <DCCReference Include="src\net\KM_NetFileTransfer.pas"/>
        <DCCReference Include="src\net\KM_NetPlayersList.pas"/>
        <DCCReference Include="src\net\KM_NetServer.pas"/>
        <DCCReference Include="src\net\KM_NetServerOverbyte.pas"/>
        <DCCReference Include="src\net\KM_NetServerLNet.pas"/>
        <DCCReference Include="src\net\KM_NetUDP.pas"/>
        <DCCReference Include="src\net\KM_NetUDPOverbyte.pas"/>
        <DCCReference Include="src\net\KM_NetUDPLNet.pas"/>
        <DCCReference Include="src\net\KM_NetworkClasses.pas"/>
        <DCCReference Include="src\net\KM_NetworkConsts.pas"/>
        <DCCReference Include="src\net\KM_Networking.pas"/>
        <DCCReference Include="src\net\KM_NetworkTypes.pas"/>
        <DCCReference Include="src\net\http\KM_HTTPClient.pas"/>
        <DCCReference Include="src\net\http\KM_HTTPClientOverbyte.pas"/>
        <DCCReference Include="src\net\http\KM_HTTPClientLNet.pas"/>
        <DCCReference Include="src\net\other\KM_DedicatedServer.pas"/>
        <DCCReference Include="src\net\other\KM_MasterServer.pas"/>
        <DCCReference Include="src\pathfinding\KM_PathFinding.pas"/>
        <DCCReference Include="src\pathfinding\KM_PathFindingAStarOld.pas"/>
        <DCCReference Include="src\pathfinding\KM_PathFindingAStarNew.pas"/>
        <DCCReference Include="src\pathfinding\KM_PathFindingJPS.pas"/>
        <DCCReference Include="src\pathfinding\KM_PathFindingRoad.pas"/>
        <DCCReference Include="src\KM_Projectiles.pas"/>
        <DCCReference Include="src\render\KM_Render.pas"/>
        <DCCReference Include="src\render\KM_RenderAux.pas"/>
        <DCCReference Include="src\render\KM_RenderControl.pas"/>
        <DCCReference Include="src\render\KM_RenderDebug.pas"/>
        <DCCReference Include="src\render\KM_RenderGameAux.pas"/>
        <DCCReference Include="src\render\KM_RenderPool.pas"/>
        <DCCReference Include="src\render\KM_RenderTerrain.pas"/>
        <DCCReference Include="src\render\KM_RenderTypes.pas"/>
        <DCCReference Include="src\render\KM_RenderQuery.pas"/>
        <DCCReference Include="src\render\KM_RenderUI.pas"/>
        <DCCReference Include="src\res\KM_Pics.pas"/>
        <DCCReference Include="src\json\KM_JsonData.pas"/>
        <DCCReference Include="src\json\KM_JSONUtils.pas"/>
        <DCCReference Include="src\json\KM_JsonHelpers.pas"/>
        <DCCReference Include="src\res\KM_Resource.pas"/>
        <DCCReference Include="src\res\KM_ResCursors.pas"/>
        <DCCReference Include="src\res\KM_ResExporter.pas"/>
        <DCCReference Include="src\res\KM_ResFonts.pas"/>
        <DCCReference Include="src\res\KM_ResHouses.pas"/>
        <DCCReference Include="src\res\KM_ResKeys.pas"/>
        <DCCReference Include="src\res\KM_ResKeyFuncs.pas"/>
        <DCCReference Include="src\res\KM_ResLocales.pas"/>
        <DCCReference Include="src\res\KM_ResMapElements.pas"/>
        <DCCReference Include="src\res\KM_ResPalettes.pas"/>
        <DCCReference Include="src\res\KM_ResSound.pas"/>
        <DCCReference Include="src\res\KM_ResSprites.pas"/>
        <DCCReference Include="src\res\KM_ResTexts.pas"/>
        <DCCReference Include="src\res\KM_ResTypes.pas"/>
        <DCCReference Include="src\res\KM_ResTileset.pas"/>
        <DCCReference Include="src\res\KM_ResTilesetTypes.pas"/>
        <DCCReference Include="src\res\KM_ResUnits.pas"/>
        <DCCReference Include="src\res\KM_ResWares.pas"/>
        <DCCReference Include="src\res\KM_Saves.pas"/>
        <DCCReference Include="src\scripting\KM_ScriptFilesCollection.pas"/>
        <DCCReference Include="src\scripting\KM_ScriptErrorHandler.pas"/>
        <DCCReference Include="src\scripting\KM_Scripting.pas"/>
        <DCCReference Include="src\scripting\KM_ScriptingActions.pas"/>
        <DCCReference Include="src\scripting\KM_ScriptingConsoleCommands.pas"/>
        <DCCReference Include="src\scripting\KM_ScriptingEvents.pas"/>
        <DCCReference Include="src\scripting\KM_ScriptingIdCache.pas"/>
        <DCCReference Include="src\scripting\KM_ScriptPreProcessor.pas"/>
        <DCCReference Include="src\scripting\KM_ScriptPreProcessorGame.pas"/>
        <DCCReference Include="src\scripting\KM_ScriptingStates.pas"/>
        <DCCReference Include="src\scripting\KM_ScriptingTypes.pas"/>
        <DCCReference Include="src\scripting\KM_ScriptingUtils.pas"/>
        <DCCReference Include="src\scripting\KM_ScriptValidatorResult.pas"/>
        <DCCReference Include="src\net\KM_ServerQuery.pas"/>
        <DCCReference Include="src\settings\KM_Settings.pas"/>
        <DCCReference Include="src\settings\KM_SettingsXML.pas"/>
        <DCCReference Include="src\settings\KM_GameAppSettings.pas"/>
        <DCCReference Include="src\settings\KM_GameAppSettingsPart.pas"/>
        <DCCReference Include="src\settings\KM_KeysSettings.pas"/>
        <DCCReference Include="src\settings\KM_GameSettings.pas"/>
        <DCCReference Include="src\settings\KM_MainSettings.pas"/>
        <DCCReference Include="src\settings\KM_ServerSettings.pas"/>
        <DCCReference Include="src\settings\KM_Resolutions.pas"/>
        <DCCReference Include="src\settings\KM_WindowParams.pas"/>
        <DCCReference Include="src\settings\KM_SettingsDev.pas"/>
        <DCCReference Include="src\terrain\KM_RandomMapGenerator.pas"/>
        <DCCReference Include="src\terrain\KM_RMGUtils.pas"/>
        <DCCReference Include="src\terrain\KM_Terrain.pas"/>
        <DCCReference Include="src\terrain\KM_TerrainDeposits.pas"/>
        <DCCReference Include="src\terrain\KM_TerrainFinder.pas"/>
        <DCCReference Include="src\terrain\KM_TerrainPainter.pas"/>
        <DCCReference Include="src\terrain\KM_TerrainSelection.pas"/>
        <DCCReference Include="src\terrain\KM_TerrainTypes.pas"/>
        <DCCReference Include="src\terrain\KM_TerrainUtils.pas"/>
        <DCCReference Include="src\terrain\KM_TerrainWalkConnect.pas"/>
        <DCCReference Include="src\units\actions\KM_UnitActionAbandonWalk.pas"/>
        <DCCReference Include="src\units\actions\KM_UnitActionFight.pas"/>
        <DCCReference Include="src\units\actions\KM_UnitActionGoInOut.pas"/>
        <DCCReference Include="src\units\actions\KM_UnitActionStay.pas"/>
        <DCCReference Include="src\units\actions\KM_UnitActionSteer.pas"/>
        <DCCReference Include="src\units\actions\KM_UnitActionStormAttack.pas"/>
        <DCCReference Include="src\units\actions\KM_UnitActionWalkTo.pas"/>
        <DCCReference Include="src\units\KM_UnitGroup.pas"/>
        <DCCReference Include="src\units\KM_UnitGroupTypes.pas"/>
        <DCCReference Include="src\units\KM_Units.pas"/>
        <DCCReference Include="src\units\KM_UnitsCollection.pas"/>
        <DCCReference Include="src\units\KM_UnitVisual.pas"/>
        <DCCReference Include="src\units\KM_UnitWarrior.pas"/>
        <DCCReference Include="src\units\KM_UnitWorkPlan.pas"/>
        <DCCReference Include="src\units\tasks\KM_UnitTaskAttackHouse.pas"/>
        <DCCReference Include="src\units\tasks\KM_UnitTaskBuild.pas"/>
        <DCCReference Include="src\units\tasks\KM_UnitTaskDelivery.pas"/>
        <DCCReference Include="src\units\tasks\KM_UnitTaskDie.pas"/>
        <DCCReference Include="src\units\tasks\KM_UnitTaskGoEat.pas"/>
        <DCCReference Include="src\units\tasks\KM_UnitTaskGoHome.pas"/>
        <DCCReference Include="src\units\tasks\KM_UnitTaskDismiss.pas"/>
        <DCCReference Include="src\units\tasks\KM_UnitTaskGoOutShowHungry.pas"/>
        <DCCReference Include="src\units\tasks\KM_UnitTaskMining.pas"/>
        <DCCReference Include="src\units\tasks\KM_UnitTaskSelfTrain.pas"/>
        <DCCReference Include="src\units\tasks\KM_UnitTaskThrowRock.pas"/>
        <DCCReference Include="src\utils\KM_CommonShellUtils.pas"/>
        <DCCReference Include="src\utils\KM_CommonUtils.pas"/>
        <DCCReference Include="src\utils\KM_Utils.pas"/>
        <DCCReference Include="src\utils\KM_UtilsExt.pas"/>
        <DCCReference Include="src\utils\KromOGLUtils.pas"/>
        <DCCReference Include="src\utils\KromUtils.pas"/>
        <DCCReference Include="src\utils\KromShellUtils.pas"/>
        <DCCReference Include="src\utils\algorithms\BinaryHeap.pas"/>
        <DCCReference Include="src\utils\algorithms\BinaryHeapGen.pas"/>
        <DCCReference Include="src\utils\algorithms\KM_BinPacking.pas"/>
        <DCCReference Include="src\utils\algorithms\KM_Hungarian.pas"/>
        <DCCReference Include="src\utils\algorithms\KM_FloodFill.pas"/>
        <DCCReference Include="src\utils\algorithms\KM_MarchingSquares.pas"/>
        <DCCReference Include="src\utils\algorithms\KM_SoftShadows.pas"/>
        <DCCReference Include="src\utils\algorithms\KM_Sort.pas"/>
        <DCCReference Include="src\utils\io\KM_FileIO.pas"/>
        <DCCReference Include="src\utils\io\KM_IoGraphicUtils.pas"/>
        <DCCReference Include="src\utils\io\KM_IoPNG.pas"/>
        <DCCReference Include="src\utils\io\KM_IoXML.pas"/>
        <DCCReference Include="src\utils\method_parser\KM_MethodParser.pas"/>
        <DCCReference Include="src\utils\method_parser\KM_MethodParserParams.pas"/>
        <DCCReference Include="src\KM_SpecialAnim.pas"/>
        <DCCReference Include="src\houses\KM_HouseCottage.pas"/>
        <DCCReference Include="src\gui\pages_game\KM_GUIGameGuide.pas"/>
        <DCCReference Include="src\gui\pages_game\KM_GUIGameGoalsPopUp.pas"/>
        <DCCReference Include="src\gui\pages_common\KM_GUICommonWares.pas"/>
        <DCCReference Include="src\gui\pages_game\KM_GUIGameWaresPopUp.pas"/>
        <DCCReference Include="src\pathfinding\KM_MyPathFinding.pas"/>
        <DCCReference Include="src\gui\pages_menu\KM_GUIMenuMapEditor.pas"/>
        <DCCReference Include="src\gui\pages_maped\KM_GUIMapEdCampaignMap.pas"/>
        <DCCReference Include="src\units\tasks\KM_UnitTaskGoForBoots.pas"/>
        <DCCReference Include="src\gui\pages_game\KM_GUIGameMessagesPopUp.pas"/>
        <DCCReference Include="src\res\KM_ResStructures.pas"/>
        <DCCReference Include="src\gui\pages_menu\KM_GUIMenuCampaignLobby.pas"/>
        <DCCReference Include="src\gui\pages_menu\KM_GUIMenuTutorials.pas"/>
        <DCCReference Include="src\controls\KM_ControlsGrid.pas"/>
        <DCCReference Include="src\gui\pages_maped\town\KM_GUIMapEdTownAnimals.pas"/>
        <DCCReference Include="src\gui\pages_maped\KM_GUIMapEdMarkerSpawner.pas"/>
        <DCCReference Include="src\weather\KM_Weather.pas"/>
        <DCCReference Include="src\weather\KM_WeatherCollection.pas"/>
        <DCCReference Include="src\weather\KM_WeatherTypes.pas"/>
        <DCCReference Include="src\weather\KM_Particles.pas"/>
        <DCCReference Include="src\ai\KM_AIRecordBuilding.pas"/>
        <DCCReference Include="src\structures\KM_Structure.pas"/>
        <DCCReference Include="src\structures\KM_StructuresCollection.pas"/>
        <DCCReference Include="src\gui\pages_game\KM_GUIGameStructure.pas"/>
        <DCCReference Include="src\units\tasks\KM_UnitTaskCollectWares.pas"/>
        <DCCReference Include="src\units\tasks\KM_UnitTaskGoToWell.pas"/>
        <DCCReference Include="src\common\KM_CommonHelpers.pas"/>
        <DCCReference Include="src\KM_Achievements.pas"/>
        <DCCReference Include="src\gui\pages_menu\KM_GUIMenuAchievements.pas"/>
        <DCCReference Include="src\game\KM_GameDefines.pas"/>
        <DCCReference Include="src\maped\KM_MapEdClipBoard.pas"/>
        <DCCReference Include="src\units\tasks\KM_UnitTaskMerchant.pas"/>
        <DCCReference Include="src\houses\KM_HouseHelpers.pas"/>
        <DCCReference Include="src\res\KM_ResPatterns.pas"/>
        <DCCReference Include="src\houses\KM_HouseCartographers.pas"/>
        <None Include="KM_TextIDs.inc"/>
        <None Include="KaM_Remake.dpr"/>
        <None Include="KaM_Remake.inc"/>
        <BuildConfiguration Include="Base">
            <Key>Base</Key>
        </BuildConfiguration>
        <BuildConfiguration Include="Debug">
            <Key>Cfg_2</Key>
            <CfgParent>Base</CfgParent>
        </BuildConfiguration>
        <BuildConfiguration Include="DebugAQ">
            <Key>Cfg_4</Key>
            <CfgParent>Cfg_2</CfgParent>
        </BuildConfiguration>
        <BuildConfiguration Include="Release">
            <Key>Cfg_1</Key>
            <CfgParent>Base</CfgParent>
        </BuildConfiguration>
        <BuildConfiguration Include="DebugAI">
            <Key>Cfg_3</Key>
            <CfgParent>Base</CfgParent>
        </BuildConfiguration>
    </ItemGroup>
    <ProjectExtensions>
        <Borland.Personality>Delphi.Personality.12</Borland.Personality>
        <Borland.ProjectType/>
        <BorlandProject>
            <Delphi.Personality>
                <Source>
                    <Source Name="MainSource">KaM_Expansion.dpr</Source>
                </Source>
                <Language>
                    <Language Name="ProjectLang">$00000419</Language>
                </Language>
                <VersionInfo>
                    <VersionInfo Name="IncludeVerInfo">False</VersionInfo>
                    <VersionInfo Name="AutoIncBuild">False</VersionInfo>
                    <VersionInfo Name="MajorVer">1</VersionInfo>
                    <VersionInfo Name="MinorVer">0</VersionInfo>
                    <VersionInfo Name="Release">0</VersionInfo>
                    <VersionInfo Name="Build">0</VersionInfo>
                    <VersionInfo Name="Debug">False</VersionInfo>
                    <VersionInfo Name="PreRelease">False</VersionInfo>
                    <VersionInfo Name="Special">False</VersionInfo>
                    <VersionInfo Name="Private">False</VersionInfo>
                    <VersionInfo Name="DLL">False</VersionInfo>
                    <VersionInfo Name="Locale">1049</VersionInfo>
                    <VersionInfo Name="CodePage">1251</VersionInfo>
                </VersionInfo>
                <VersionInfoKeys>
                    <VersionInfoKeys Name="FileVersion">1.0.0.0</VersionInfoKeys>
                </VersionInfoKeys>
                <Excluded_Packages>
                    <Excluded_Packages Name="C:\Users\Public\Documents\Embarcadero\Studio\21.0\Bpl\VirtualTreesD270.bpl">VirtualTreeView Controls</Excluded_Packages>
                    <Excluded_Packages Name="$(BDSBIN)\dcloffice2k270.bpl">Microsoft Office 2000 Sample Automation Server Wrapper Components</Excluded_Packages>
                    <Excluded_Packages Name="$(BDSBIN)\dclofficexp270.bpl">Microsoft Office XP Sample Automation Server Wrapper Components</Excluded_Packages>
                </Excluded_Packages>
            </Delphi.Personality>
            <Platforms>
                <Platform value="Win32">True</Platform>
                <Platform value="Win64">True</Platform>
            </Platforms>
            <UnitTesting>
                <TestProjectName>G:\Delphi\KaM Remake\Test\KaM_RemakeTests.dproj</TestProjectName>
            </UnitTesting>
            <ModelSupport>False</ModelSupport>
            <Deployment Version="4">
                <DeployFile LocalName="KM_TextIDs.inc" Configuration="Release" Class="ProjectFile"/>
                <DeployFile LocalName="KM_TextIDs.inc" Configuration="Release" Class="ProjectFile">
                    <Platform Name="Win32">
                        <RemoteDir>.\</RemoteDir>
                        <Overwrite>true</Overwrite>
                    </Platform>
                </DeployFile>
                <DeployFile LocalName="KaM_Expansion.exe" Configuration="Release" Class="ProjectOutput">
                    <Platform Name="Win32">
                        <RemoteName>KaM_Expansion.exe</RemoteName>
                        <Overwrite>true</Overwrite>
                    </Platform>
                </DeployFile>
                <DeployFile LocalName="KaM_Remake.dpr" Configuration="Release" Class="ProjectFile"/>
                <DeployFile LocalName="KaM_Remake.dpr" Configuration="Release" Class="ProjectFile">
                    <Platform Name="Win32">
                        <RemoteDir>.\</RemoteDir>
                        <Overwrite>true</Overwrite>
                    </Platform>
                </DeployFile>
                <DeployFile LocalName="KaM_Remake.exe" Configuration="Release" Class="ProjectOutput"/>
                <DeployFile LocalName="KaM_Remake.inc" Configuration="Release" Class="ProjectFile">
                    <Platform Name="Win32">
                        <RemoteDir>.\</RemoteDir>
                        <Overwrite>true</Overwrite>
                    </Platform>
                </DeployFile>
                <DeployClass Name="AdditionalDebugSymbols">
                    <Platform Name="iOSSimulator">
                        <Operation>1</Operation>
                    </Platform>
                    <Platform Name="OSX32">
                        <RemoteDir>Contents\MacOS</RemoteDir>
                        <Operation>1</Operation>
                    </Platform>
                    <Platform Name="Win32">
                        <Operation>0</Operation>
                    </Platform>
                </DeployClass>
                <DeployClass Name="AndroidClasses">
                    <Platform Name="Android">
                        <RemoteDir>classes</RemoteDir>
                        <Operation>64</Operation>
                    </Platform>
                    <Platform Name="Android64">
                        <RemoteDir>classes</RemoteDir>
                        <Operation>64</Operation>
                    </Platform>
                </DeployClass>
                <DeployClass Name="AndroidFileProvider">
                    <Platform Name="Android">
                        <RemoteDir>res\xml</RemoteDir>
                        <Operation>1</Operation>
                    </Platform>
                    <Platform Name="Android64">
                        <RemoteDir>res\xml</RemoteDir>
                        <Operation>1</Operation>
                    </Platform>
                </DeployClass>
                <DeployClass Name="AndroidGDBServer">
                    <Platform Name="Android">
                        <RemoteDir>library\lib\armeabi-v7a</RemoteDir>
                        <Operation>1</Operation>
                    </Platform>
                </DeployClass>
                <DeployClass Name="AndroidLibnativeArmeabiFile">
                    <Platform Name="Android">
                        <RemoteDir>library\lib\armeabi</RemoteDir>
                        <Operation>1</Operation>
                    </Platform>
                    <Platform Name="Android64">
                        <RemoteDir>library\lib\armeabi</RemoteDir>
                        <Operation>1</Operation>
                    </Platform>
                </DeployClass>
                <DeployClass Name="AndroidLibnativeArmeabiv7aFile">
                    <Platform Name="Android64">
                        <RemoteDir>library\lib\armeabi-v7a</RemoteDir>
                        <Operation>1</Operation>
                    </Platform>
                </DeployClass>
                <DeployClass Name="AndroidLibnativeMipsFile">
                    <Platform Name="Android">
                        <RemoteDir>library\lib\mips</RemoteDir>
                        <Operation>1</Operation>
                    </Platform>
                    <Platform Name="Android64">
                        <RemoteDir>library\lib\mips</RemoteDir>
                        <Operation>1</Operation>
                    </Platform>
                </DeployClass>
                <DeployClass Name="AndroidServiceOutput">
                    <Platform Name="Android">
                        <RemoteDir>library\lib\armeabi-v7a</RemoteDir>
                        <Operation>1</Operation>
                    </Platform>
                    <Platform Name="Android64">
                        <RemoteDir>library\lib\arm64-v8a</RemoteDir>
                        <Operation>1</Operation>
                    </Platform>
                </DeployClass>
                <DeployClass Name="AndroidServiceOutput_Android32">
                    <Platform Name="Android64">
                        <RemoteDir>library\lib\armeabi-v7a</RemoteDir>
                        <Operation>1</Operation>
                    </Platform>
                </DeployClass>
                <DeployClass Name="AndroidSplashImageDef">
                    <Platform Name="Android">
                        <RemoteDir>res\drawable</RemoteDir>
                        <Operation>1</Operation>
                    </Platform>
                    <Platform Name="Android64">
                        <RemoteDir>res\drawable</RemoteDir>
                        <Operation>1</Operation>
                    </Platform>
                </DeployClass>
                <DeployClass Name="AndroidSplashImageDefV21">
                    <Platform Name="Android">
                        <RemoteDir>res\drawable-anydpi-v21</RemoteDir>
                        <Operation>1</Operation>
                    </Platform>
                    <Platform Name="Android64">
                        <RemoteDir>res\drawable-anydpi-v21</RemoteDir>
                        <Operation>1</Operation>
                    </Platform>
                </DeployClass>
                <DeployClass Name="AndroidSplashStyles">
                    <Platform Name="Android">
                        <RemoteDir>res\values</RemoteDir>
                        <Operation>1</Operation>
                    </Platform>
                    <Platform Name="Android64">
                        <RemoteDir>res\values</RemoteDir>
                        <Operation>1</Operation>
                    </Platform>
                </DeployClass>
                <DeployClass Name="AndroidSplashStylesV21">
                    <Platform Name="Android">
                        <RemoteDir>res\values-v21</RemoteDir>
                        <Operation>1</Operation>
                    </Platform>
                    <Platform Name="Android64">
                        <RemoteDir>res\values-v21</RemoteDir>
                        <Operation>1</Operation>
                    </Platform>
                </DeployClass>
                <DeployClass Name="AndroidSplashStylesV31">
                    <Platform Name="Android">
                        <RemoteDir>res\values-v31</RemoteDir>
                        <Operation>1</Operation>
                    </Platform>
                    <Platform Name="Android64">
                        <RemoteDir>res\values-v31</RemoteDir>
                        <Operation>1</Operation>
                    </Platform>
                </DeployClass>
                <DeployClass Name="Android_AdaptiveIcon">
                    <Platform Name="Android">
                        <RemoteDir>res\drawable-anydpi-v26</RemoteDir>
                        <Operation>1</Operation>
                    </Platform>
                    <Platform Name="Android64">
                        <RemoteDir>res\drawable-anydpi-v26</RemoteDir>
                        <Operation>1</Operation>
                    </Platform>
                </DeployClass>
                <DeployClass Name="Android_AdaptiveIconBackground">
                    <Platform Name="Android">
                        <RemoteDir>res\drawable</RemoteDir>
                        <Operation>1</Operation>
                    </Platform>
                    <Platform Name="Android64">
                        <RemoteDir>res\drawable</RemoteDir>
                        <Operation>1</Operation>
                    </Platform>
                </DeployClass>
                <DeployClass Name="Android_AdaptiveIconForeground">
                    <Platform Name="Android">
                        <RemoteDir>res\drawable</RemoteDir>
                        <Operation>1</Operation>
                    </Platform>
                    <Platform Name="Android64">
                        <RemoteDir>res\drawable</RemoteDir>
                        <Operation>1</Operation>
                    </Platform>
                </DeployClass>
                <DeployClass Name="Android_AdaptiveIconMonochrome">
                    <Platform Name="Android">
                        <RemoteDir>res\drawable</RemoteDir>
                        <Operation>1</Operation>
                    </Platform>
                    <Platform Name="Android64">
                        <RemoteDir>res\drawable</RemoteDir>
                        <Operation>1</Operation>
                    </Platform>
                </DeployClass>
                <DeployClass Name="Android_AdaptiveIconV33">
                    <Platform Name="Android">
                        <RemoteDir>res\drawable-anydpi-v33</RemoteDir>
                        <Operation>1</Operation>
                    </Platform>
                    <Platform Name="Android64">
                        <RemoteDir>res\drawable-anydpi-v33</RemoteDir>
                        <Operation>1</Operation>
                    </Platform>
                </DeployClass>
                <DeployClass Name="Android_Colors">
                    <Platform Name="Android">
                        <RemoteDir>res\values</RemoteDir>
                        <Operation>1</Operation>
                    </Platform>
                    <Platform Name="Android64">
                        <RemoteDir>res\values</RemoteDir>
                        <Operation>1</Operation>
                    </Platform>
                </DeployClass>
                <DeployClass Name="Android_ColorsDark">
                    <Platform Name="Android">
                        <RemoteDir>res\values-night-v21</RemoteDir>
                        <Operation>1</Operation>
                    </Platform>
                    <Platform Name="Android64">
                        <RemoteDir>res\values-night-v21</RemoteDir>
                        <Operation>1</Operation>
                    </Platform>
                </DeployClass>
                <DeployClass Name="Android_DefaultAppIcon">
                    <Platform Name="Android">
                        <RemoteDir>res\drawable</RemoteDir>
                        <Operation>1</Operation>
                    </Platform>
                    <Platform Name="Android64">
                        <RemoteDir>res\drawable</RemoteDir>
                        <Operation>1</Operation>
                    </Platform>
                </DeployClass>
                <DeployClass Name="Android_LauncherIcon144">
                    <Platform Name="Android">
                        <RemoteDir>res\drawable-xxhdpi</RemoteDir>
                        <Operation>1</Operation>
                    </Platform>
                    <Platform Name="Android64">
                        <RemoteDir>res\drawable-xxhdpi</RemoteDir>
                        <Operation>1</Operation>
                    </Platform>
                </DeployClass>
                <DeployClass Name="Android_LauncherIcon192">
                    <Platform Name="Android">
                        <RemoteDir>res\drawable-xxxhdpi</RemoteDir>
                        <Operation>1</Operation>
                    </Platform>
                    <Platform Name="Android64">
                        <RemoteDir>res\drawable-xxxhdpi</RemoteDir>
                        <Operation>1</Operation>
                    </Platform>
                </DeployClass>
                <DeployClass Name="Android_LauncherIcon36">
                    <Platform Name="Android">
                        <RemoteDir>res\drawable-ldpi</RemoteDir>
                        <Operation>1</Operation>
                    </Platform>
                    <Platform Name="Android64">
                        <RemoteDir>res\drawable-ldpi</RemoteDir>
                        <Operation>1</Operation>
                    </Platform>
                </DeployClass>
                <DeployClass Name="Android_LauncherIcon48">
                    <Platform Name="Android">
                        <RemoteDir>res\drawable-mdpi</RemoteDir>
                        <Operation>1</Operation>
                    </Platform>
                    <Platform Name="Android64">
                        <RemoteDir>res\drawable-mdpi</RemoteDir>
                        <Operation>1</Operation>
                    </Platform>
                </DeployClass>
                <DeployClass Name="Android_LauncherIcon72">
                    <Platform Name="Android">
                        <RemoteDir>res\drawable-hdpi</RemoteDir>
                        <Operation>1</Operation>
                    </Platform>
                    <Platform Name="Android64">
                        <RemoteDir>res\drawable-hdpi</RemoteDir>
                        <Operation>1</Operation>
                    </Platform>
                </DeployClass>
                <DeployClass Name="Android_LauncherIcon96">
                    <Platform Name="Android">
                        <RemoteDir>res\drawable-xhdpi</RemoteDir>
                        <Operation>1</Operation>
                    </Platform>
                    <Platform Name="Android64">
                        <RemoteDir>res\drawable-xhdpi</RemoteDir>
                        <Operation>1</Operation>
                    </Platform>
                </DeployClass>
                <DeployClass Name="Android_NotificationIcon24">
                    <Platform Name="Android">
                        <RemoteDir>res\drawable-mdpi</RemoteDir>
                        <Operation>1</Operation>
                    </Platform>
                    <Platform Name="Android64">
                        <RemoteDir>res\drawable-mdpi</RemoteDir>
                        <Operation>1</Operation>
                    </Platform>
                </DeployClass>
                <DeployClass Name="Android_NotificationIcon36">
                    <Platform Name="Android">
                        <RemoteDir>res\drawable-hdpi</RemoteDir>
                        <Operation>1</Operation>
                    </Platform>
                    <Platform Name="Android64">
                        <RemoteDir>res\drawable-hdpi</RemoteDir>
                        <Operation>1</Operation>
                    </Platform>
                </DeployClass>
                <DeployClass Name="Android_NotificationIcon48">
                    <Platform Name="Android">
                        <RemoteDir>res\drawable-xhdpi</RemoteDir>
                        <Operation>1</Operation>
                    </Platform>
                    <Platform Name="Android64">
                        <RemoteDir>res\drawable-xhdpi</RemoteDir>
                        <Operation>1</Operation>
                    </Platform>
                </DeployClass>
                <DeployClass Name="Android_NotificationIcon72">
                    <Platform Name="Android">
                        <RemoteDir>res\drawable-xxhdpi</RemoteDir>
                        <Operation>1</Operation>
                    </Platform>
                    <Platform Name="Android64">
                        <RemoteDir>res\drawable-xxhdpi</RemoteDir>
                        <Operation>1</Operation>
                    </Platform>
                </DeployClass>
                <DeployClass Name="Android_NotificationIcon96">
                    <Platform Name="Android">
                        <RemoteDir>res\drawable-xxxhdpi</RemoteDir>
                        <Operation>1</Operation>
                    </Platform>
                    <Platform Name="Android64">
                        <RemoteDir>res\drawable-xxxhdpi</RemoteDir>
                        <Operation>1</Operation>
                    </Platform>
                </DeployClass>
                <DeployClass Name="Android_SplashImage426">
                    <Platform Name="Android">
                        <RemoteDir>res\drawable-small</RemoteDir>
                        <Operation>1</Operation>
                    </Platform>
                    <Platform Name="Android64">
                        <RemoteDir>res\drawable-small</RemoteDir>
                        <Operation>1</Operation>
                    </Platform>
                </DeployClass>
                <DeployClass Name="Android_SplashImage470">
                    <Platform Name="Android">
                        <RemoteDir>res\drawable-normal</RemoteDir>
                        <Operation>1</Operation>
                    </Platform>
                    <Platform Name="Android64">
                        <RemoteDir>res\drawable-normal</RemoteDir>
                        <Operation>1</Operation>
                    </Platform>
                </DeployClass>
                <DeployClass Name="Android_SplashImage640">
                    <Platform Name="Android">
                        <RemoteDir>res\drawable-large</RemoteDir>
                        <Operation>1</Operation>
                    </Platform>
                    <Platform Name="Android64">
                        <RemoteDir>res\drawable-large</RemoteDir>
                        <Operation>1</Operation>
                    </Platform>
                </DeployClass>
                <DeployClass Name="Android_SplashImage960">
                    <Platform Name="Android">
                        <RemoteDir>res\drawable-xlarge</RemoteDir>
                        <Operation>1</Operation>
                    </Platform>
                    <Platform Name="Android64">
                        <RemoteDir>res\drawable-xlarge</RemoteDir>
                        <Operation>1</Operation>
                    </Platform>
                </DeployClass>
                <DeployClass Name="Android_Strings">
                    <Platform Name="Android">
                        <RemoteDir>res\values</RemoteDir>
                        <Operation>1</Operation>
                    </Platform>
                    <Platform Name="Android64">
                        <RemoteDir>res\values</RemoteDir>
                        <Operation>1</Operation>
                    </Platform>
                </DeployClass>
                <DeployClass Name="Android_VectorizedNotificationIcon">
                    <Platform Name="Android">
                        <RemoteDir>res\drawable-anydpi-v24</RemoteDir>
                        <Operation>1</Operation>
                    </Platform>
                    <Platform Name="Android64">
                        <RemoteDir>res\drawable-anydpi-v24</RemoteDir>
                        <Operation>1</Operation>
                    </Platform>
                </DeployClass>
                <DeployClass Name="Android_VectorizedSplash">
                    <Platform Name="Android">
                        <RemoteDir>res\drawable</RemoteDir>
                        <Operation>1</Operation>
                    </Platform>
                    <Platform Name="Android64">
                        <RemoteDir>res\drawable</RemoteDir>
                        <Operation>1</Operation>
                    </Platform>
                </DeployClass>
                <DeployClass Name="Android_VectorizedSplashDark">
                    <Platform Name="Android">
                        <RemoteDir>res\drawable-night-anydpi-v21</RemoteDir>
                        <Operation>1</Operation>
                    </Platform>
                    <Platform Name="Android64">
                        <RemoteDir>res\drawable-night-anydpi-v21</RemoteDir>
                        <Operation>1</Operation>
                    </Platform>
                </DeployClass>
                <DeployClass Name="Android_VectorizedSplashV31">
                    <Platform Name="Android">
                        <RemoteDir>res\drawable-anydpi-v31</RemoteDir>
                        <Operation>1</Operation>
                    </Platform>
                    <Platform Name="Android64">
                        <RemoteDir>res\drawable-anydpi-v31</RemoteDir>
                        <Operation>1</Operation>
                    </Platform>
                </DeployClass>
                <DeployClass Name="Android_VectorizedSplashV31Dark">
                    <Platform Name="Android">
                        <RemoteDir>res\drawable-night-anydpi-v31</RemoteDir>
                        <Operation>1</Operation>
                    </Platform>
                    <Platform Name="Android64">
                        <RemoteDir>res\drawable-night-anydpi-v31</RemoteDir>
                        <Operation>1</Operation>
                    </Platform>
                </DeployClass>
                <DeployClass Name="DebugSymbols">
                    <Platform Name="iOSSimulator">
                        <Operation>1</Operation>
                    </Platform>
                    <Platform Name="OSX32">
                        <RemoteDir>Contents\MacOS</RemoteDir>
                        <Operation>1</Operation>
                    </Platform>
                    <Platform Name="Win32">
                        <Operation>0</Operation>
                    </Platform>
                </DeployClass>
                <DeployClass Name="DependencyFramework">
                    <Platform Name="OSX32">
                        <RemoteDir>Contents\MacOS</RemoteDir>
                        <Operation>1</Operation>
                        <Extensions>.framework</Extensions>
                    </Platform>
                    <Platform Name="OSX64">
                        <RemoteDir>Contents\MacOS</RemoteDir>
                        <Operation>1</Operation>
                        <Extensions>.framework</Extensions>
                    </Platform>
                    <Platform Name="OSXARM64">
                        <RemoteDir>Contents\MacOS</RemoteDir>
                        <Operation>1</Operation>
                        <Extensions>.framework</Extensions>
                    </Platform>
                    <Platform Name="Win32">
                        <Operation>0</Operation>
                    </Platform>
                </DeployClass>
                <DeployClass Name="DependencyModule">
                    <Platform Name="iOSDevice32">
                        <Operation>1</Operation>
                        <Extensions>.dylib</Extensions>
                    </Platform>
                    <Platform Name="iOSDevice64">
                        <Operation>1</Operation>
                        <Extensions>.dylib</Extensions>
                    </Platform>
                    <Platform Name="iOSSimARM64">
                        <Operation>1</Operation>
                        <Extensions>.dylib</Extensions>
                    </Platform>
                    <Platform Name="OSX32">
                        <RemoteDir>Contents\MacOS</RemoteDir>
                        <Operation>1</Operation>
                        <Extensions>.dylib</Extensions>
                    </Platform>
                    <Platform Name="OSX64">
                        <RemoteDir>Contents\MacOS</RemoteDir>
                        <Operation>1</Operation>
                        <Extensions>.dylib</Extensions>
                    </Platform>
                    <Platform Name="OSXARM64">
                        <RemoteDir>Contents\MacOS</RemoteDir>
                        <Operation>1</Operation>
                        <Extensions>.dylib</Extensions>
                    </Platform>
                    <Platform Name="Win32">
                        <Operation>0</Operation>
                        <Extensions>.dll;.bpl</Extensions>
                    </Platform>
                </DeployClass>
                <DeployClass Required="true" Name="DependencyPackage">
                    <Platform Name="iOSDevice32">
                        <Operation>1</Operation>
                        <Extensions>.dylib</Extensions>
                    </Platform>
                    <Platform Name="iOSDevice64">
                        <Operation>1</Operation>
                        <Extensions>.dylib</Extensions>
                    </Platform>
                    <Platform Name="iOSSimARM64">
                        <Operation>1</Operation>
                        <Extensions>.dylib</Extensions>
                    </Platform>
                    <Platform Name="OSX32">
                        <RemoteDir>Contents\MacOS</RemoteDir>
                        <Operation>1</Operation>
                        <Extensions>.dylib</Extensions>
                    </Platform>
                    <Platform Name="OSX64">
                        <RemoteDir>Contents\MacOS</RemoteDir>
                        <Operation>1</Operation>
                        <Extensions>.dylib</Extensions>
                    </Platform>
                    <Platform Name="OSXARM64">
                        <RemoteDir>Contents\MacOS</RemoteDir>
                        <Operation>1</Operation>
                        <Extensions>.dylib</Extensions>
                    </Platform>
                    <Platform Name="Win32">
                        <Operation>0</Operation>
                        <Extensions>.bpl</Extensions>
                    </Platform>
                </DeployClass>
                <DeployClass Name="File">
                    <Platform Name="Android">
                        <Operation>0</Operation>
                    </Platform>
                    <Platform Name="Android64">
                        <Operation>0</Operation>
                    </Platform>
                    <Platform Name="iOSDevice32">
                        <Operation>0</Operation>
                    </Platform>
                    <Platform Name="iOSDevice64">
                        <Operation>0</Operation>
                    </Platform>
                    <Platform Name="iOSSimARM64">
                        <Operation>0</Operation>
                    </Platform>
                    <Platform Name="OSX32">
                        <RemoteDir>Contents\Resources\StartUp\</RemoteDir>
                        <Operation>0</Operation>
                    </Platform>
                    <Platform Name="OSX64">
                        <RemoteDir>Contents\Resources\StartUp\</RemoteDir>
                        <Operation>0</Operation>
                    </Platform>
                    <Platform Name="OSXARM64">
                        <RemoteDir>Contents\Resources\StartUp\</RemoteDir>
                        <Operation>0</Operation>
                    </Platform>
                    <Platform Name="Win32">
                        <Operation>0</Operation>
                    </Platform>
                </DeployClass>
                <DeployClass Name="ProjectAndroidManifest">
                    <Platform Name="Android">
                        <Operation>1</Operation>
                    </Platform>
                    <Platform Name="Android64">
                        <Operation>1</Operation>
                    </Platform>
                </DeployClass>
                <DeployClass Name="ProjectOSXDebug">
                    <Platform Name="OSX64">
                        <RemoteDir>..\$(PROJECTNAME).app.dSYM\Contents\Resources\DWARF</RemoteDir>
                        <Operation>1</Operation>
                    </Platform>
                    <Platform Name="OSXARM64">
                        <RemoteDir>..\$(PROJECTNAME).app.dSYM\Contents\Resources\DWARF</RemoteDir>
                        <Operation>1</Operation>
                    </Platform>
                </DeployClass>
                <DeployClass Name="ProjectOSXEntitlements">
                    <Platform Name="OSX32">
                        <RemoteDir>..\</RemoteDir>
                        <Operation>1</Operation>
                    </Platform>
                    <Platform Name="OSX64">
                        <RemoteDir>..\</RemoteDir>
                        <Operation>1</Operation>
                    </Platform>
                    <Platform Name="OSXARM64">
                        <RemoteDir>..\</RemoteDir>
                        <Operation>1</Operation>
                    </Platform>
                </DeployClass>
                <DeployClass Name="ProjectOSXInfoPList">
                    <Platform Name="OSX32">
                        <RemoteDir>Contents</RemoteDir>
                        <Operation>1</Operation>
                    </Platform>
                    <Platform Name="OSX64">
                        <RemoteDir>Contents</RemoteDir>
                        <Operation>1</Operation>
                    </Platform>
                    <Platform Name="OSXARM64">
                        <RemoteDir>Contents</RemoteDir>
                        <Operation>1</Operation>
                    </Platform>
                </DeployClass>
                <DeployClass Name="ProjectOSXResource">
                    <Platform Name="OSX32">
                        <RemoteDir>Contents\Resources</RemoteDir>
                        <Operation>1</Operation>
                    </Platform>
                    <Platform Name="OSX64">
                        <RemoteDir>Contents\Resources</RemoteDir>
                        <Operation>1</Operation>
                    </Platform>
                    <Platform Name="OSXARM64">
                        <RemoteDir>Contents\Resources</RemoteDir>
                        <Operation>1</Operation>
                    </Platform>
                </DeployClass>
                <DeployClass Required="true" Name="ProjectOutput">
                    <Platform Name="Android">
                        <RemoteDir>library\lib\armeabi-v7a</RemoteDir>
                        <Operation>1</Operation>
                    </Platform>
                    <Platform Name="Android64">
                        <RemoteDir>library\lib\arm64-v8a</RemoteDir>
                        <Operation>1</Operation>
                    </Platform>
                    <Platform Name="iOSDevice32">
                        <Operation>1</Operation>
                    </Platform>
                    <Platform Name="iOSDevice64">
                        <Operation>1</Operation>
                    </Platform>
                    <Platform Name="iOSSimARM64">
                        <Operation>1</Operation>
                    </Platform>
                    <Platform Name="Linux64">
                        <Operation>1</Operation>
                    </Platform>
                    <Platform Name="OSX32">
                        <RemoteDir>Contents\MacOS</RemoteDir>
                        <Operation>1</Operation>
                    </Platform>
                    <Platform Name="OSX64">
                        <RemoteDir>Contents\MacOS</RemoteDir>
                        <Operation>1</Operation>
                    </Platform>
                    <Platform Name="OSXARM64">
                        <RemoteDir>Contents\MacOS</RemoteDir>
                        <Operation>1</Operation>
                    </Platform>
                    <Platform Name="Win32">
                        <Operation>0</Operation>
                    </Platform>
                </DeployClass>
                <DeployClass Name="ProjectOutput_Android32">
                    <Platform Name="Android64">
                        <RemoteDir>library\lib\armeabi-v7a</RemoteDir>
                        <Operation>1</Operation>
                    </Platform>
                </DeployClass>
                <DeployClass Name="ProjectUWPManifest">
                    <Platform Name="Win32">
                        <Operation>1</Operation>
                    </Platform>
                    <Platform Name="Win64">
                        <Operation>1</Operation>
                    </Platform>
                    <Platform Name="Win64x">
                        <Operation>1</Operation>
                    </Platform>
                </DeployClass>
                <DeployClass Name="ProjectiOSDeviceDebug">
                    <Platform Name="iOSDevice32">
                        <RemoteDir>..\$(PROJECTNAME).app.dSYM\Contents\Resources\DWARF</RemoteDir>
                        <Operation>1</Operation>
                    </Platform>
                    <Platform Name="iOSDevice64">
                        <RemoteDir>..\$(PROJECTNAME).app.dSYM\Contents\Resources\DWARF</RemoteDir>
                        <Operation>1</Operation>
                    </Platform>
                    <Platform Name="iOSSimARM64">
                        <RemoteDir>..\$(PROJECTNAME).app.dSYM\Contents\Resources\DWARF</RemoteDir>
                        <Operation>1</Operation>
                    </Platform>
                </DeployClass>
                <DeployClass Name="ProjectiOSEntitlements">
                    <Platform Name="iOSDevice32">
                        <RemoteDir>..\</RemoteDir>
                        <Operation>1</Operation>
                    </Platform>
                    <Platform Name="iOSDevice64">
                        <RemoteDir>..\</RemoteDir>
                        <Operation>1</Operation>
                    </Platform>
                    <Platform Name="iOSSimARM64">
                        <RemoteDir>..\</RemoteDir>
                        <Operation>1</Operation>
                    </Platform>
                </DeployClass>
                <DeployClass Name="ProjectiOSInfoPList">
                    <Platform Name="iOSDevice32">
                        <Operation>1</Operation>
                    </Platform>
                    <Platform Name="iOSDevice64">
                        <Operation>1</Operation>
                    </Platform>
                    <Platform Name="iOSSimARM64">
                        <Operation>1</Operation>
                    </Platform>
                </DeployClass>
                <DeployClass Name="ProjectiOSLaunchScreen">
                    <Platform Name="iOSDevice64">
                        <RemoteDir>..\$(PROJECTNAME).launchscreen</RemoteDir>
                        <Operation>64</Operation>
                    </Platform>
                    <Platform Name="iOSSimARM64">
                        <RemoteDir>..\$(PROJECTNAME).launchscreen</RemoteDir>
                        <Operation>64</Operation>
                    </Platform>
                </DeployClass>
                <DeployClass Name="ProjectiOSResource">
                    <Platform Name="iOSDevice32">
                        <Operation>1</Operation>
                    </Platform>
                    <Platform Name="iOSDevice64">
                        <Operation>1</Operation>
                    </Platform>
                    <Platform Name="iOSSimARM64">
                        <Operation>1</Operation>
                    </Platform>
                </DeployClass>
                <DeployClass Name="UWP_DelphiLogo150">
                    <Platform Name="Win32">
                        <RemoteDir>Assets</RemoteDir>
                        <Operation>1</Operation>
                    </Platform>
                    <Platform Name="Win64">
                        <RemoteDir>Assets</RemoteDir>
                        <Operation>1</Operation>
                    </Platform>
                </DeployClass>
                <DeployClass Name="UWP_DelphiLogo44">
                    <Platform Name="Win32">
                        <RemoteDir>Assets</RemoteDir>
                        <Operation>1</Operation>
                    </Platform>
                    <Platform Name="Win64">
                        <RemoteDir>Assets</RemoteDir>
                        <Operation>1</Operation>
                    </Platform>
                </DeployClass>
                <DeployClass Name="iOS_AppStore1024">
                    <Platform Name="iOSDevice64">
                        <RemoteDir>..\$(PROJECTNAME).launchscreen\Assets\AppIcon.appiconset</RemoteDir>
                        <Operation>1</Operation>
                    </Platform>
                    <Platform Name="iOSSimARM64">
                        <RemoteDir>..\$(PROJECTNAME).launchscreen\Assets\AppIcon.appiconset</RemoteDir>
                        <Operation>1</Operation>
                    </Platform>
                </DeployClass>
                <DeployClass Name="iPad_AppIcon152">
                    <Platform Name="iOSDevice64">
                        <RemoteDir>..\$(PROJECTNAME).launchscreen\Assets\AppIcon.appiconset</RemoteDir>
                        <Operation>1</Operation>
                    </Platform>
                    <Platform Name="iOSSimARM64">
                        <RemoteDir>..\$(PROJECTNAME).launchscreen\Assets\AppIcon.appiconset</RemoteDir>
                        <Operation>1</Operation>
                    </Platform>
                </DeployClass>
                <DeployClass Name="iPad_AppIcon167">
                    <Platform Name="iOSDevice64">
                        <RemoteDir>..\$(PROJECTNAME).launchscreen\Assets\AppIcon.appiconset</RemoteDir>
                        <Operation>1</Operation>
                    </Platform>
                    <Platform Name="iOSSimARM64">
                        <RemoteDir>..\$(PROJECTNAME).launchscreen\Assets\AppIcon.appiconset</RemoteDir>
                        <Operation>1</Operation>
                    </Platform>
                </DeployClass>
                <DeployClass Name="iPad_Launch2x">
                    <Platform Name="iOSDevice64">
                        <RemoteDir>..\$(PROJECTNAME).launchscreen\Assets\LaunchScreenImage.imageset</RemoteDir>
                        <Operation>1</Operation>
                    </Platform>
                    <Platform Name="iOSSimARM64">
                        <RemoteDir>..\$(PROJECTNAME).launchscreen\Assets\LaunchScreenImage.imageset</RemoteDir>
                        <Operation>1</Operation>
                    </Platform>
                </DeployClass>
                <DeployClass Name="iPad_LaunchDark2x">
                    <Platform Name="iOSDevice64">
                        <RemoteDir>..\$(PROJECTNAME).launchscreen\Assets\LaunchScreenImage.imageset</RemoteDir>
                        <Operation>1</Operation>
                    </Platform>
                    <Platform Name="iOSSimARM64">
                        <RemoteDir>..\$(PROJECTNAME).launchscreen\Assets\LaunchScreenImage.imageset</RemoteDir>
                        <Operation>1</Operation>
                    </Platform>
                </DeployClass>
                <DeployClass Name="iPad_Notification40">
                    <Platform Name="iOSDevice64">
                        <RemoteDir>..\$(PROJECTNAME).launchscreen\Assets\AppIcon.appiconset</RemoteDir>
                        <Operation>1</Operation>
                    </Platform>
                    <Platform Name="iOSSimARM64">
                        <RemoteDir>..\$(PROJECTNAME).launchscreen\Assets\AppIcon.appiconset</RemoteDir>
                        <Operation>1</Operation>
                    </Platform>
                </DeployClass>
                <DeployClass Name="iPad_Setting58">
                    <Platform Name="iOSDevice64">
                        <RemoteDir>..\$(PROJECTNAME).launchscreen\Assets\AppIcon.appiconset</RemoteDir>
                        <Operation>1</Operation>
                    </Platform>
                    <Platform Name="iOSSimARM64">
                        <RemoteDir>..\$(PROJECTNAME).launchscreen\Assets\AppIcon.appiconset</RemoteDir>
                        <Operation>1</Operation>
                    </Platform>
                </DeployClass>
                <DeployClass Name="iPad_SpotLight80">
                    <Platform Name="iOSDevice64">
                        <RemoteDir>..\$(PROJECTNAME).launchscreen\Assets\AppIcon.appiconset</RemoteDir>
                        <Operation>1</Operation>
                    </Platform>
                    <Platform Name="iOSSimARM64">
                        <RemoteDir>..\$(PROJECTNAME).launchscreen\Assets\AppIcon.appiconset</RemoteDir>
                        <Operation>1</Operation>
                    </Platform>
                </DeployClass>
                <DeployClass Name="iPhone_AppIcon120">
                    <Platform Name="iOSDevice64">
                        <RemoteDir>..\$(PROJECTNAME).launchscreen\Assets\AppIcon.appiconset</RemoteDir>
                        <Operation>1</Operation>
                    </Platform>
                    <Platform Name="iOSSimARM64">
                        <RemoteDir>..\$(PROJECTNAME).launchscreen\Assets\AppIcon.appiconset</RemoteDir>
                        <Operation>1</Operation>
                    </Platform>
                </DeployClass>
                <DeployClass Name="iPhone_AppIcon180">
                    <Platform Name="iOSDevice64">
                        <RemoteDir>..\$(PROJECTNAME).launchscreen\Assets\AppIcon.appiconset</RemoteDir>
                        <Operation>1</Operation>
                    </Platform>
                    <Platform Name="iOSSimARM64">
                        <RemoteDir>..\$(PROJECTNAME).launchscreen\Assets\AppIcon.appiconset</RemoteDir>
                        <Operation>1</Operation>
                    </Platform>
                </DeployClass>
                <DeployClass Name="iPhone_Launch2x">
                    <Platform Name="iOSDevice64">
                        <RemoteDir>..\$(PROJECTNAME).launchscreen\Assets\LaunchScreenImage.imageset</RemoteDir>
                        <Operation>1</Operation>
                    </Platform>
                    <Platform Name="iOSSimARM64">
                        <RemoteDir>..\$(PROJECTNAME).launchscreen\Assets\LaunchScreenImage.imageset</RemoteDir>
                        <Operation>1</Operation>
                    </Platform>
                </DeployClass>
                <DeployClass Name="iPhone_Launch3x">
                    <Platform Name="iOSDevice64">
                        <RemoteDir>..\$(PROJECTNAME).launchscreen\Assets\LaunchScreenImage.imageset</RemoteDir>
                        <Operation>1</Operation>
                    </Platform>
                    <Platform Name="iOSSimARM64">
                        <RemoteDir>..\$(PROJECTNAME).launchscreen\Assets\LaunchScreenImage.imageset</RemoteDir>
                        <Operation>1</Operation>
                    </Platform>
                </DeployClass>
                <DeployClass Name="iPhone_LaunchDark2x">
                    <Platform Name="iOSDevice64">
                        <RemoteDir>..\$(PROJECTNAME).launchscreen\Assets\LaunchScreenImage.imageset</RemoteDir>
                        <Operation>1</Operation>
                    </Platform>
                    <Platform Name="iOSSimARM64">
                        <RemoteDir>..\$(PROJECTNAME).launchscreen\Assets\LaunchScreenImage.imageset</RemoteDir>
                        <Operation>1</Operation>
                    </Platform>
                </DeployClass>
                <DeployClass Name="iPhone_LaunchDark3x">
                    <Platform Name="iOSDevice64">
                        <RemoteDir>..\$(PROJECTNAME).launchscreen\Assets\LaunchScreenImage.imageset</RemoteDir>
                        <Operation>1</Operation>
                    </Platform>
                    <Platform Name="iOSSimARM64">
                        <RemoteDir>..\$(PROJECTNAME).launchscreen\Assets\LaunchScreenImage.imageset</RemoteDir>
                        <Operation>1</Operation>
                    </Platform>
                </DeployClass>
                <DeployClass Name="iPhone_Notification40">
                    <Platform Name="iOSDevice64">
                        <RemoteDir>..\$(PROJECTNAME).launchscreen\Assets\AppIcon.appiconset</RemoteDir>
                        <Operation>1</Operation>
                    </Platform>
                    <Platform Name="iOSSimARM64">
                        <RemoteDir>..\$(PROJECTNAME).launchscreen\Assets\AppIcon.appiconset</RemoteDir>
                        <Operation>1</Operation>
                    </Platform>
                </DeployClass>
                <DeployClass Name="iPhone_Notification60">
                    <Platform Name="iOSDevice64">
                        <RemoteDir>..\$(PROJECTNAME).launchscreen\Assets\AppIcon.appiconset</RemoteDir>
                        <Operation>1</Operation>
                    </Platform>
                    <Platform Name="iOSSimARM64">
                        <RemoteDir>..\$(PROJECTNAME).launchscreen\Assets\AppIcon.appiconset</RemoteDir>
                        <Operation>1</Operation>
                    </Platform>
                </DeployClass>
                <DeployClass Name="iPhone_Setting58">
                    <Platform Name="iOSDevice64">
                        <RemoteDir>..\$(PROJECTNAME).launchscreen\Assets\AppIcon.appiconset</RemoteDir>
                        <Operation>1</Operation>
                    </Platform>
                    <Platform Name="iOSSimARM64">
                        <RemoteDir>..\$(PROJECTNAME).launchscreen\Assets\AppIcon.appiconset</RemoteDir>
                        <Operation>1</Operation>
                    </Platform>
                </DeployClass>
                <DeployClass Name="iPhone_Setting87">
                    <Platform Name="iOSDevice64">
                        <RemoteDir>..\$(PROJECTNAME).launchscreen\Assets\AppIcon.appiconset</RemoteDir>
                        <Operation>1</Operation>
                    </Platform>
                    <Platform Name="iOSSimARM64">
                        <RemoteDir>..\$(PROJECTNAME).launchscreen\Assets\AppIcon.appiconset</RemoteDir>
                        <Operation>1</Operation>
                    </Platform>
                </DeployClass>
                <DeployClass Name="iPhone_Spotlight120">
                    <Platform Name="iOSDevice64">
                        <RemoteDir>..\$(PROJECTNAME).launchscreen\Assets\AppIcon.appiconset</RemoteDir>
                        <Operation>1</Operation>
                    </Platform>
                    <Platform Name="iOSSimARM64">
                        <RemoteDir>..\$(PROJECTNAME).launchscreen\Assets\AppIcon.appiconset</RemoteDir>
                        <Operation>1</Operation>
                    </Platform>
                </DeployClass>
                <DeployClass Name="iPhone_Spotlight80">
                    <Platform Name="iOSDevice64">
                        <RemoteDir>..\$(PROJECTNAME).launchscreen\Assets\AppIcon.appiconset</RemoteDir>
                        <Operation>1</Operation>
                    </Platform>
                    <Platform Name="iOSSimARM64">
                        <RemoteDir>..\$(PROJECTNAME).launchscreen\Assets\AppIcon.appiconset</RemoteDir>
                        <Operation>1</Operation>
                    </Platform>
                </DeployClass>
                <ProjectRoot Platform="Android" Name="$(PROJECTNAME)"/>
                <ProjectRoot Platform="Android64" Name="$(PROJECTNAME)"/>
                <ProjectRoot Platform="iOSDevice32" Name="$(PROJECTNAME).app"/>
                <ProjectRoot Platform="iOSDevice64" Name="$(PROJECTNAME).app"/>
                <ProjectRoot Platform="iOSSimARM64" Name="$(PROJECTNAME).app"/>
                <ProjectRoot Platform="iOSSimulator" Name="$(PROJECTNAME).app"/>
                <ProjectRoot Platform="Linux64" Name="$(PROJECTNAME)"/>
                <ProjectRoot Platform="OSX32" Name="$(PROJECTNAME).app"/>
                <ProjectRoot Platform="OSX64" Name="$(PROJECTNAME).app"/>
                <ProjectRoot Platform="OSXARM64" Name="$(PROJECTNAME).app"/>
                <ProjectRoot Platform="Win32" Name="$(PROJECTNAME)"/>
                <ProjectRoot Platform="Win64" Name="$(PROJECTNAME)"/>
                <ProjectRoot Platform="Win64x" Name="$(PROJECTNAME)"/>
            </Deployment>
        </BorlandProject>
        <ProjectFileVersion>12</ProjectFileVersion>
    </ProjectExtensions>
    <Import Condition="Exists('$(BDS)\Bin\CodeGear.Delphi.Targets')" Project="$(BDS)\Bin\CodeGear.Delphi.Targets"/>
    <Import Condition="Exists('$(APPDATA)\Embarcadero\$(BDSAPPDATABASEDIR)\$(PRODUCTVERSION)\UserTools.proj')" Project="$(APPDATA)\Embarcadero\$(BDSAPPDATABASEDIR)\$(PRODUCTVERSION)\UserTools.proj"/>
    <Import Condition="Exists('$(MSBuildProjectName).deployproj')" Project="$(MSBuildProjectName).deployproj"/>
</Project>
