<?xml version="1.0" encoding="UTF-8"?>
<CONFIG>
  <ProjectOptions>
    <Version Value="10"/>
    <PathDelim Value="\"/>
    <General>
      <Flags>
        <MainUnitHasTitleStatement Value="False"/>
      </Flags>
      <MainUnit Value="0"/>
      <ResourceType Value="res"/>
      <UseXPManifest Value="True"/>
    </General>
    <i18n>
      <EnableI18N LFM="False"/>
    </i18n>
    <BuildModes Count="3" Active="Release">
      <Item1 Name="Default" Default="True"/>
      <Item2 Name="Debug">
        <CompilerOptions>
          <Version Value="11"/>
          <PathDelim Value="\"/>
          <Target>
            <Filename Value="KaM_Remake_Server_linux_x86"/>
          </Target>
          <SearchPaths>
            <IncludeFiles Value="..\..\;..\..\src;..\..\src\ai;..\..\src\ai\newAI;..\..\src\common;..\..\src\ext;..\..\src\ext\BGRABitmap;..\..\src\ext\LazarusOpenGL;..\..\src\ext\OggVorbis;..\..\src\ext\LNet;..\..\src\ext\pascalscript;..\..\src\ext\pascalscript\Source;..\..\src\forms;..\..\src\game;..\..\src\game\gip;..\..\src\game\misc;..\..\src\game\notifications;..\..\src\gui;..\..\src\gui\pages_common;..\..\src\gui\pages_game;..\..\src\gui\pages_maped;..\..\src\gui\pages_maped\menu;..\..\src\gui\pages_maped\mission;..\..\src\gui\pages_maped\player;..\..\src\gui\pages_maped\terrain;..\..\src\gui\pages_maped\town;..\..\src\gui\pages_menu;..\..\src\hands;..\..\src\houses;..\..\src\maped;..\..\src\media;..\..\src\mission;..\..\src\navmesh;..\..\src\net;..\..\src\net\http;..\..\src\net\other;..\..\src\pathfinding;..\..\src\perflog;..\..\src\render;..\..\src\res;..\..\src\scripting;..\..\src\settings;..\..\src\terrain;..\..\src\units;..\..\src\units\actions;..\..\src\units\tasks;..\..\src\unused;..\..\src\utils;..\..\src\utils\algorithms;..\..\src\utils\helpers;..\..\src\utils\io;..\..\src\utils\method_parser;$(ProjOutDir)"/>
            <Libraries Value="C:\fpcupdeluxe_3.0.0_1.8.0\cross\lib\i386-linux\"/>
            <OtherUnitFiles Value="..\..\;..\..\src;..\..\src\ai;..\..\src\ai\newAI;..\..\src\common;..\..\src\ext;..\..\src\ext\BGRABitmap;..\..\src\ext\LazarusOpenGL;..\..\src\ext\OggVorbis;..\..\src\ext\LNet;..\..\src\ext\pascalscript;..\..\src\ext\pascalscript\Source;..\..\src\forms;..\..\src\game;..\..\src\game\gip;..\..\src\game\misc;..\..\src\game\notifications;..\..\src\gui;..\..\src\gui\pages_common;..\..\src\gui\pages_game;..\..\src\gui\pages_maped;..\..\src\gui\pages_maped\menu;..\..\src\gui\pages_maped\mission;..\..\src\gui\pages_maped\player;..\..\src\gui\pages_maped\terrain;..\..\src\gui\pages_maped\town;..\..\src\gui\pages_menu;..\..\src\hands;..\..\src\houses;..\..\src\maped;..\..\src\media;..\..\src\mission;..\..\src\navmesh;..\..\src\net;..\..\src\net\http;..\..\src\net\other;..\..\src\pathfinding;..\..\src\perflog;..\..\src\render;..\..\src\res;..\..\src\scripting;..\..\src\settings;..\..\src\terrain;..\..\src\units;..\..\src\units\actions;..\..\src\units\tasks;..\..\src\unused;..\..\src\utils;..\..\src\utils\algorithms;..\..\src\utils\helpers;..\..\src\utils\io;..\..\src\utils\method_parser;"/>
          </SearchPaths>
          <Parsing>
            <SyntaxOptions>
              <SyntaxMode Value="Delphi"/>
              <CStyleOperator Value="False"/>
              <IncludeAssertionCode Value="True"/>
              <AllowLabel Value="False"/>
              <CPPInline Value="False"/>
              <UseAnsiStrings Value="False"/>
            </SyntaxOptions>
          </Parsing>
          <CodeGeneration>
            <Checks>
              <IOChecks Value="True"/>
              <RangeChecks Value="True"/>
              <OverflowChecks Value="True"/>
              <StackChecks Value="True"/>
            </Checks>
            <VerifyObjMethodCallValidity Value="True"/>
            <TargetCPU Value="i386"/>
            <TargetOS Value="linux"/>
          </CodeGeneration>
          <Linking>
            <Debugging>
              <DebugInfoType Value="dsDwarf2Set"/>
              <UseHeaptrc Value="True"/>
              <TrashVariables Value="True"/>
              <UseExternalDbgSyms Value="True"/>
            </Debugging>
          </Linking>
          <Other>
            <CompilerMessages>
              <IgnoredMessages idx4081="True" idx4080="True" idx4079="True" idx4056="True" idx4055="True" idx4035="True"/>
            </CompilerMessages>
          </Other>
        </CompilerOptions>
      </Item2>
      <Item3 Name="Release">
        <MacroValues Count="1">
          <Macro1 Name="LCLWidgetType" Value="nogui"/>
        </MacroValues>
        <CompilerOptions>
          <Version Value="11"/>
          <PathDelim Value="\"/>
          <Target>
            <Filename Value="KaM_Remake_Server_linux_x86"/>
          </Target>
          <SearchPaths>
            <IncludeFiles Value="..\..\;..\..\src;..\..\src\ai;..\..\src\ai\newAI;..\..\src\common;..\..\src\ext;..\..\src\ext\BGRABitmap;..\..\src\ext\LazarusOpenGL;..\..\src\ext\OggVorbis;..\..\src\ext\LNet;..\..\src\ext\pascalscript;..\..\src\ext\pascalscript\Source;..\..\src\forms;..\..\src\game;..\..\src\game\gip;..\..\src\game\misc;..\..\src\game\notifications;..\..\src\gui;..\..\src\gui\pages_common;..\..\src\gui\pages_game;..\..\src\gui\pages_maped;..\..\src\gui\pages_maped\menu;..\..\src\gui\pages_maped\mission;..\..\src\gui\pages_maped\player;..\..\src\gui\pages_maped\terrain;..\..\src\gui\pages_maped\town;..\..\src\gui\pages_menu;..\..\src\hands;..\..\src\houses;..\..\src\maped;..\..\src\media;..\..\src\mission;..\..\src\navmesh;..\..\src\net;..\..\src\net\http;..\..\src\net\other;..\..\src\pathfinding;..\..\src\perflog;..\..\src\render;..\..\src\res;..\..\src\scripting;..\..\src\settings;..\..\src\terrain;..\..\src\units;..\..\src\units\actions;..\..\src\units\tasks;..\..\src\unused;..\..\src\utils;..\..\src\utils\algorithms;..\..\src\utils\helpers;..\..\src\utils\io;..\..\src\utils\method_parser;$(ProjOutDir)"/>
            <Libraries Value="C:\fpcupdeluxe_3.0.0_1.8.0\cross\lib\i386-linux\"/>
            <OtherUnitFiles Value="..\..\;..\..\src;..\..\src\ai;..\..\src\ai\newAI;..\..\src\common;..\..\src\ext;..\..\src\ext\BGRABitmap;..\..\src\ext\LazarusOpenGL;..\..\src\ext\OggVorbis;..\..\src\ext\LNet;..\..\src\ext\pascalscript;..\..\src\ext\pascalscript\Source;..\..\src\forms;..\..\src\game;..\..\src\game\gip;..\..\src\game\misc;..\..\src\game\notifications;..\..\src\gui;..\..\src\gui\pages_common;..\..\src\gui\pages_game;..\..\src\gui\pages_maped;..\..\src\gui\pages_maped\menu;..\..\src\gui\pages_maped\mission;..\..\src\gui\pages_maped\player;..\..\src\gui\pages_maped\terrain;..\..\src\gui\pages_maped\town;..\..\src\gui\pages_menu;..\..\src\hands;..\..\src\houses;..\..\src\maped;..\..\src\media;..\..\src\mission;..\..\src\navmesh;..\..\src\net;..\..\src\net\http;..\..\src\net\other;..\..\src\pathfinding;..\..\src\perflog;..\..\src\render;..\..\src\res;..\..\src\scripting;..\..\src\settings;..\..\src\terrain;..\..\src\units;..\..\src\units\actions;..\..\src\units\tasks;..\..\src\unused;..\..\src\utils;..\..\src\utils\algorithms;..\..\src\utils\helpers;..\..\src\utils\io;..\..\src\utils\method_parser;"/>
          </SearchPaths>
          <Parsing>
            <SyntaxOptions>
              <SyntaxMode Value="Delphi"/>
              <CStyleOperator Value="False"/>
              <AllowLabel Value="False"/>
              <CPPInline Value="False"/>
              <UseAnsiStrings Value="False"/>
            </SyntaxOptions>
          </Parsing>
          <CodeGeneration>
            <SmartLinkUnit Value="True"/>
            <TargetCPU Value="i386"/>
            <TargetOS Value="linux"/>
            <Optimizations>
              <OptimizationLevel Value="3"/>
            </Optimizations>
          </CodeGeneration>
          <Linking>
            <Debugging>
              <GenerateDebugInfo Value="False"/>
            </Debugging>
            <LinkSmart Value="True"/>
          </Linking>
          <Other>
            <CompilerMessages>
              <IgnoredMessages idx5025="True" idx5027="True" idx5057="True" idx5058="True" idx5023="True" idx5091="True" idx5092="True" idx4104="True" idx4105="True" idx3187="True" idx5024="True" idx5028="True" idx4081="True" idx4080="True" idx4079="True" idx4056="True" idx4055="True" idx4035="True"/>
            </CompilerMessages>
            <CustomOptions Value="-dLINUX_DEDI_SERVER"/>
          </Other>
        </CompilerOptions>
      </Item3>
      <SharedMatrixOptions Count="1">
        <Item1 ID="399373826844" Modes="Release" Type="IDEMacro" MacroName="LCLWidgetType" Value="nogui"/>
      </SharedMatrixOptions>
    </BuildModes>
    <PublishOptions>
      <Version Value="2"/>
      <IncludeFileFilter Value="*.(pas|pp|inc|lfm|lpr|lrs|lpi|lpk|sh|xml)"/>
      <ExcludeFileFilter Value="*.(bak|ppu|o|so);*~;backup"/>
    </PublishOptions>
    <RunParams>
      <local>
        <FormatVersion Value="1"/>
      </local>
    </RunParams>
    <RequiredPackages Count="1">
      <Item1>
        <PackageName Value="LCL"/>
      </Item1>
    </RequiredPackages>
    <Units Count="16">
      <Unit0>
        <Filename Value="KaM_DedicatedServer.dpr"/>
        <IsPartOfProject Value="True"/>
        <IsVisibleTab Value="True"/>
        <CursorPos X="52" Y="23"/>
        <UsageCount Value="30"/>
        <Loaded Value="True"/>
        <DefaultSyntaxHighlighter Value="Delphi"/>
      </Unit0>
      <Unit1>
        <Filename Value="..\..\KaM_Remake.lpr"/>
        <TopLine Value="59"/>
        <CursorPos X="15" Y="4"/>
        <UsageCount Value="9"/>
        <DefaultSyntaxHighlighter Value="Delphi"/>
      </Unit1>
      <Unit2>
        <Filename Value="..\..\src\ext\KromUtils.pas"/>
        <TopLine Value="253"/>
        <CursorPos X="26" Y="278"/>
        <UsageCount Value="14"/>
        <DefaultSyntaxHighlighter Value="Delphi"/>
      </Unit2>
      <Unit3>
        <Filename Value="C:\lazarus\lcl\forms.pp"/>
        <UnitName Value="Forms"/>
        <TopLine Value="15"/>
        <CursorPos X="2" Y="30"/>
        <UsageCount Value="9"/>
        <DefaultSyntaxHighlighter Value="Delphi"/>
      </Unit3>
      <Unit4>
        <Filename Value="..\..\src\net\other\KM_DedicatedServer.pas"/>
        <IsPartOfProject Value="True"/>
        <CursorPos X="29" Y="70"/>
        <UsageCount Value="20"/>
        <DefaultSyntaxHighlighter Value="Delphi"/>
      </Unit4>
      <Unit5>
        <Filename Value="..\..\src\common\KM_CommonTypes.pas"/>
        <TopLine Value="385"/>
        <CursorPos X="37" Y="400"/>
        <UsageCount Value="9"/>
        <DefaultSyntaxHighlighter Value="Delphi"/>
      </Unit5>
      <Unit6>
        <Filename Value="..\..\src\ext\dglOpenGL.pas"/>
        <TopLine Value="460"/>
        <CursorPos X="51" Y="478"/>
        <UsageCount Value="9"/>
        <DefaultSyntaxHighlighter Value="Delphi"/>
      </Unit6>
      <Unit7>
        <Filename Value="..\..\src\utils\KM_Utils.pas"/>
        <TopLine Value="93"/>
        <CursorPos X="75" Y="103"/>
        <UsageCount Value="14"/>
        <DefaultSyntaxHighlighter Value="Delphi"/>
      </Unit7>
      <Unit8>
        <Filename Value="..\..\src\common\KM_Points.pas"/>
        <CursorPos X="100" Y="2"/>
        <UsageCount Value="14"/>
        <DefaultSyntaxHighlighter Value="Delphi"/>
      </Unit8>
      <Unit9>
        <Filename Value="..\..\src\KM_Settings.pas"/>
        <IsPartOfProject Value="True"/>
        <TopLine Value="10"/>
        <CursorPos X="126" Y="17"/>
        <UsageCount Value="20"/>
        <DefaultSyntaxHighlighter Value="Delphi"/>
      </Unit9>
      <Unit10>
        <Filename Value=""/>
        <UsageCount Value="10"/>
        <DefaultSyntaxHighlighter Value="None"/>
      </Unit10>
      <Unit11>
        <Filename Value="KM_ServerEventHandler.pas"/>
        <IsPartOfProject Value="True"/>
        <EditorIndex Value="1"/>
        <TopLine Value="3"/>
        <CursorPos X="15" Y="13"/>
        <UsageCount Value="20"/>
        <Loaded Value="True"/>
        <DefaultSyntaxHighlighter Value="Delphi"/>
      </Unit11>
      <Unit12>
        <Filename Value="C:\lazarus\fpc\3.0.2\source\rtl\win\wininc\defines.inc"/>
        <EditorIndex Value="-1"/>
        <TopLine Value="1340"/>
        <CursorPos X="6" Y="1350"/>
        <UsageCount Value="10"/>
        <DefaultSyntaxHighlighter Value="Delphi"/>
      </Unit12>
      <Unit13>
        <Filename Value="..\..\src\utils\KM_CommonUtils.pas"/>
        <IsPartOfProject Value="True"/>
        <EditorIndex Value="-1"/>
        <WindowIndex Value="-1"/>
        <TopLine Value="-1"/>
        <CursorPos X="-1" Y="-1"/>
        <UsageCount Value="20"/>
        <DefaultSyntaxHighlighter Value="Delphi"/>
      </Unit13>
      <Unit14>
        <Filename Value="..\..\src\common\KM_Defaults.pas"/>
        <IsPartOfProject Value="True"/>
        <EditorIndex Value="-1"/>
        <WindowIndex Value="-1"/>
        <TopLine Value="-1"/>
        <CursorPos X="-1" Y="-1"/>
        <UsageCount Value="20"/>
        <DefaultSyntaxHighlighter Value="Delphi"/>
      </Unit14>
      <Unit15>
        <Filename Value="..\..\src\KM_Log.pas"/>
        <IsPartOfProject Value="True"/>
        <EditorIndex Value="-1"/>
        <WindowIndex Value="-1"/>
        <TopLine Value="-1"/>
        <CursorPos X="-1" Y="-1"/>
        <UsageCount Value="20"/>
        <DefaultSyntaxHighlighter Value="Delphi"/>
      </Unit15>
    </Units>
    <JumpHistory Count="0" HistoryIndex="0"/>
  </ProjectOptions>
  <CompilerOptions>
    <Version Value="11"/>
    <PathDelim Value="\"/>
    <Target>
      <Filename Value="KaM_Remake_Server_linux_x86"/>
    </Target>
    <SearchPaths>
      <IncludeFiles Value="..\..\;..\..\src;..\..\src\ai;..\..\src\ai\newAI;..\..\src\common;..\..\src\ext;..\..\src\ext\BGRABitmap;..\..\src\ext\LazarusOpenGL;..\..\src\ext\OggVorbis;..\..\src\ext\LNet;..\..\src\ext\pascalscript;..\..\src\ext\pascalscript\Source;..\..\src\forms;..\..\src\game;..\..\src\game\gip;..\..\src\game\misc;..\..\src\game\notifications;..\..\src\gui;..\..\src\gui\pages_common;..\..\src\gui\pages_game;..\..\src\gui\pages_maped;..\..\src\gui\pages_maped\menu;..\..\src\gui\pages_maped\mission;..\..\src\gui\pages_maped\player;..\..\src\gui\pages_maped\terrain;..\..\src\gui\pages_maped\town;..\..\src\gui\pages_menu;..\..\src\hands;..\..\src\houses;..\..\src\maped;..\..\src\media;..\..\src\mission;..\..\src\navmesh;..\..\src\net;..\..\src\net\http;..\..\src\net\other;..\..\src\pathfinding;..\..\src\perflog;..\..\src\render;..\..\src\res;..\..\src\scripting;..\..\src\settings;..\..\src\terrain;..\..\src\units;..\..\src\units\actions;..\..\src\units\tasks;..\..\src\unused;..\..\src\utils;..\..\src\utils\algorithms;..\..\src\utils\helpers;..\..\src\utils\io;..\..\src\utils\method_parser;$(ProjOutDir)"/>
      <Libraries Value="C:\fpcupdeluxe_3.0.0_1.8.0\cross\lib\i386-linux\"/>
      <OtherUnitFiles Value="..\..\;..\..\src;..\..\src\ai;..\..\src\ai\newAI;..\..\src\common;..\..\src\ext;..\..\src\ext\BGRABitmap;..\..\src\ext\LazarusOpenGL;..\..\src\ext\OggVorbis;..\..\src\ext\LNet;..\..\src\ext\pascalscript;..\..\src\ext\pascalscript\Source;..\..\src\forms;..\..\src\game;..\..\src\game\gip;..\..\src\game\misc;..\..\src\game\notifications;..\..\src\gui;..\..\src\gui\pages_common;..\..\src\gui\pages_game;..\..\src\gui\pages_maped;..\..\src\gui\pages_maped\menu;..\..\src\gui\pages_maped\mission;..\..\src\gui\pages_maped\player;..\..\src\gui\pages_maped\terrain;..\..\src\gui\pages_maped\town;..\..\src\gui\pages_menu;..\..\src\hands;..\..\src\houses;..\..\src\maped;..\..\src\media;..\..\src\mission;..\..\src\navmesh;..\..\src\net;..\..\src\net\http;..\..\src\net\other;..\..\src\pathfinding;..\..\src\perflog;..\..\src\render;..\..\src\res;..\..\src\scripting;..\..\src\settings;..\..\src\terrain;..\..\src\units;..\..\src\units\actions;..\..\src\units\tasks;..\..\src\unused;..\..\src\utils;..\..\src\utils\algorithms;..\..\src\utils\helpers;..\..\src\utils\io;..\..\src\utils\method_parser;"/>
    </SearchPaths>
    <Parsing>
      <SyntaxOptions>
        <SyntaxMode Value="Delphi"/>
        <CStyleOperator Value="False"/>
        <IncludeAssertionCode Value="True"/>
        <AllowLabel Value="False"/>
        <CPPInline Value="False"/>
        <UseAnsiStrings Value="False"/>
      </SyntaxOptions>
    </Parsing>
    <CodeGeneration>
      <Checks>
        <IOChecks Value="True"/>
        <RangeChecks Value="True"/>
        <OverflowChecks Value="True"/>
        <StackChecks Value="True"/>
      </Checks>
      <TargetCPU Value="i386"/>
      <TargetOS Value="linux"/>
    </CodeGeneration>
    <Linking>
      <Options>
        <Win32>
          <GraphicApplication Value="True"/>
        </Win32>
      </Options>
    </Linking>
    <Other>
      <CompilerMessages>
        <IgnoredMessages idx4081="True" idx4080="True" idx4079="True" idx4056="True" idx4055="True" idx4035="True"/>
      </CompilerMessages>
    </Other>
  </CompilerOptions>
  <Debugging>
    <Exceptions Count="3">
      <Item1>
        <Name Value="EAbort"/>
      </Item1>
      <Item2>
        <Name Value="ECodetoolError"/>
      </Item2>
      <Item3>
        <Name Value="EFOpenError"/>
      </Item3>
    </Exceptions>
  </Debugging>
</CONFIG>
