<?xml version="1.0" encoding="UTF-8"?>
<CONFIG>
  <ProjectOptions>
    <Version Value="11"/>
    <PathDelim Value="\"/>
    <General>
      <Flags>
        <MainUnitHasCreateFormStatements Value="False"/>
        <MainUnitHasTitleStatement Value="False"/>
        <MainUnitHasScaledStatement Value="False"/>
      </Flags>
      <SessionStorage Value="InProjectDir"/>
      <MainUnit Value="0"/>
      <Title Value="MapUtil"/>
      <UseAppBundle Value="False"/>
      <ResourceType Value="res"/>
    </General>
    <BuildModes Count="2">
      <Item1 Name="Default" Default="True"/>
      <Item2 Name="Linux_x64">
        <CompilerOptions>
          <Version Value="11"/>
          <PathDelim Value="\"/>
          <Target>
            <Filename Value="MapUtil"/>
          </Target>
          <SearchPaths>
            <IncludeFiles Value="..\..;..\..\src;..\..\src\ai;..\..\src\ai\newAI;..\..\src\common;..\..\src\ext;..\..\src\ext\BGRABitmap;..\..\src\ext\LazarusOpenGL;..\..\src\ext\OggVorbis;..\..\src\ext\LNet;..\..\src\ext\pascalscript;..\..\src\ext\pascalscript\Source;..\..\src\forms;..\..\src\game;..\..\src\game\gip;..\..\src\game\misc;..\..\src\game\notifications;..\..\src\gui;..\..\src\gui\pages_common;..\..\src\gui\pages_game;..\..\src\gui\pages_maped;..\..\src\gui\pages_maped\menu;..\..\src\gui\pages_maped\mission;..\..\src\gui\pages_maped\player;..\..\src\gui\pages_maped\terrain;..\..\src\gui\pages_maped\town;..\..\src\gui\pages_menu;..\..\src\hands;..\..\src\houses;..\..\src\maped;..\..\src\media;..\..\src\minimap;..\..\src\mission;..\..\src\navmesh;..\..\src\net;..\..\src\net\http;..\..\src\net\other;..\..\src\pathfinding;..\..\src\perflog;..\..\src\render;..\..\src\res;..\..\src\scripting;..\..\src\settings;..\..\src\terrain;..\..\src\units;..\..\src\units\actions;..\..\src\units\tasks;..\..\src\unused;..\..\src\utils;..\..\src\utils\algorithms;..\..\src\utils\helpers;..\..\src\utils\io;..\..\src\utils\method_parser;$(ProjOutDir)"/>
            <OtherUnitFiles Value="..\..;..\..\src;..\..\src\ai;..\..\src\ai\newAI;..\..\src\common;..\..\src\ext;..\..\src\ext\BGRABitmap;..\..\src\ext\LazarusOpenGL;..\..\src\ext\OggVorbis;..\..\src\ext\LNet;..\..\src\ext\pascalscript;..\..\src\ext\pascalscript\Source;..\..\src\forms;..\..\src\game;..\..\src\game\gip;..\..\src\game\misc;..\..\src\game\notifications;..\..\src\gui;..\..\src\gui\pages_common;..\..\src\gui\pages_game;..\..\src\gui\pages_maped;..\..\src\gui\pages_maped\menu;..\..\src\gui\pages_maped\mission;..\..\src\gui\pages_maped\player;..\..\src\gui\pages_maped\terrain;..\..\src\gui\pages_maped\town;..\..\src\gui\pages_menu;..\..\src\hands;..\..\src\houses;..\..\src\maped;..\..\src\media;..\..\src\minimap;..\..\src\mission;..\..\src\navmesh;..\..\src\net;..\..\src\net\http;..\..\src\net\other;..\..\src\pathfinding;..\..\src\perflog;..\..\src\render;..\..\src\res;..\..\src\scripting;..\..\src\settings;..\..\src\terrain;..\..\src\units;..\..\src\units\actions;..\..\src\units\tasks;..\..\src\unused;..\..\src\utils;..\..\src\utils\algorithms;..\..\src\utils\helpers;..\..\src\utils\io;..\..\src\utils\method_parser"/>
            <UnitOutputDirectory Value="lib\$(TargetCPU)-$(TargetOS)"/>
          </SearchPaths>
          <CodeGeneration>
            <TargetCPU Value="x86_64"/>
            <TargetOS Value="linux"/>
            <Optimizations>
              <OptimizationLevel Value="3"/>
            </Optimizations>
          </CodeGeneration>
          <Linking>
            <Debugging>
              <GenerateDebugInfo Value="False"/>
            </Debugging>
            <Options>
              <PassLinkerOptions Value="True"/>
              <LinkerOptions Value="--sysroot=$(SYSROOT)"/>
            </Options>
          </Linking>
          <Other>
            <CustomOptions Value="-dNO_OGL"/>
            <OtherDefines Count="1">
              <Define0 Value="NO_OGL"/>
            </OtherDefines>
          </Other>
        </CompilerOptions>
      </Item2>
    </BuildModes>
    <PublishOptions>
      <Version Value="2"/>
      <UseFileFilters Value="True"/>
    </PublishOptions>
    <RunParams>
      <FormatVersion Value="2"/>
      <Modes Count="0"/>
    </RunParams>
    <RequiredPackages Count="1">
      <Item1>
        <PackageName Value="LCL"/>
      </Item1>
    </RequiredPackages>
    <Units Count="3">
      <Unit0>
        <Filename Value="MapUtil.dpr"/>
        <IsPartOfProject Value="True"/>
      </Unit0>
      <Unit1>
        <Filename Value="MapUtilTypes.pas"/>
        <IsPartOfProject Value="True"/>
      </Unit1>
      <Unit2>
        <Filename Value="ConsoleMain.pas"/>
        <IsPartOfProject Value="True"/>
      </Unit2>
    </Units>
  </ProjectOptions>
  <CompilerOptions>
    <Version Value="11"/>
    <PathDelim Value="\"/>
    <Target>
      <Filename Value="MapUtil"/>
    </Target>
    <SearchPaths>
      <IncludeFiles Value="..\..;..\..\src;..\..\src\ai;..\..\src\ai\newAI;..\..\src\common;..\..\src\ext;..\..\src\ext\BGRABitmap;..\..\src\ext\LazarusOpenGL;..\..\src\ext\OggVorbis;..\..\src\ext\LNet;..\..\src\ext\pascalscript;..\..\src\ext\pascalscript\Source;..\..\src\forms;..\..\src\game;..\..\src\game\gip;..\..\src\game\misc;..\..\src\game\notifications;..\..\src\gui;..\..\src\gui\pages_common;..\..\src\gui\pages_game;..\..\src\gui\pages_maped;..\..\src\gui\pages_maped\menu;..\..\src\gui\pages_maped\mission;..\..\src\gui\pages_maped\player;..\..\src\gui\pages_maped\terrain;..\..\src\gui\pages_maped\town;..\..\src\gui\pages_menu;..\..\src\hands;..\..\src\houses;..\..\src\maped;..\..\src\media;..\..\src\minimap;..\..\src\mission;..\..\src\navmesh;..\..\src\net;..\..\src\net\http;..\..\src\net\other;..\..\src\pathfinding;..\..\src\perflog;..\..\src\render;..\..\src\res;..\..\src\scripting;..\..\src\settings;..\..\src\terrain;..\..\src\units;..\..\src\units\actions;..\..\src\units\tasks;..\..\src\unused;..\..\src\utils;..\..\src\utils\algorithms;..\..\src\utils\helpers;..\..\src\utils\io;..\..\src\utils\method_parser;$(ProjOutDir)"/>
      <OtherUnitFiles Value="..\..;..\..\src;..\..\src\ai;..\..\src\ai\newAI;..\..\src\common;..\..\src\ext;..\..\src\ext\BGRABitmap;..\..\src\ext\LazarusOpenGL;..\..\src\ext\OggVorbis;..\..\src\ext\LNet;..\..\src\ext\pascalscript;..\..\src\ext\pascalscript\Source;..\..\src\forms;..\..\src\game;..\..\src\game\gip;..\..\src\game\misc;..\..\src\game\notifications;..\..\src\gui;..\..\src\gui\pages_common;..\..\src\gui\pages_game;..\..\src\gui\pages_maped;..\..\src\gui\pages_maped\menu;..\..\src\gui\pages_maped\mission;..\..\src\gui\pages_maped\player;..\..\src\gui\pages_maped\terrain;..\..\src\gui\pages_maped\town;..\..\src\gui\pages_menu;..\..\src\hands;..\..\src\houses;..\..\src\maped;..\..\src\media;..\..\src\minimap;..\..\src\mission;..\..\src\navmesh;..\..\src\net;..\..\src\net\http;..\..\src\net\other;..\..\src\pathfinding;..\..\src\perflog;..\..\src\render;..\..\src\res;..\..\src\scripting;..\..\src\settings;..\..\src\terrain;..\..\src\units;..\..\src\units\actions;..\..\src\units\tasks;..\..\src\unused;..\..\src\utils;..\..\src\utils\algorithms;..\..\src\utils\helpers;..\..\src\utils\io;..\..\src\utils\method_parser"/>
      <UnitOutputDirectory Value="lib\$(TargetCPU)-$(TargetOS)"/>
    </SearchPaths>
  </CompilerOptions>
  <Debugging>
    <Exceptions Count="3">
      <Item1>
        <Name Value="EAbort"/>
      </Item1>
      <Item2>
        <Name Value="ECodetoolError"/>
      </Item2>
      <Item3>
        <Name Value="EFOpenError"/>
      </Item3>
    </Exceptions>
  </Debugging>
</CONFIG>
